{
  "object": {
    "pins": [
      {
        "package": "XCERequirement",
        "repositoryURL": "https://github.com/XCEssentials/Requirement",
        "state": {
          "branch": null,
          "revision": "9561ac453c90a000a1c434d835230c253171c32e",
          "version": "2.0.1"
        }
      }
    ]
  },
  "version": 1
}
