{
  "object": {
    "pins": [
      {
        "package": "XCERequirement",
        "repositoryURL": "https://github.com/XCEssentials/Requirement",
        "state": {
          "branch": null,
          "revision": "6010ab5ab866eaa26e21a52ab0e142da9ab7b07b",
          "version": "2.2.0"
        }
      }
    ]
  },
  "version": 1
}
