{
  "object": {
    "pins": [
      {
        "package": "XCERequirement",
        "repositoryURL": "https://github.com/XCEssentials/Requirement",
        "state": {
          "branch": null,
          "revision": "72cda078066359a271da06d3b1c813670c81dafd",
          "version": "2.2.1"
        }
      }
    ]
  },
  "version": 1
}
