// !$*UTF8*$!
{
	archiveVersion = 1;
	classes = {
	};
	objectVersion = 46;
	objects = {

/* Begin PBXBuildFile section */
		277F67AE0B99568E7E740A13 /* Pods_Tests.framework in Frameworks */ = {isa = PBXBuildFile; fileRef = A4E624B865CB890D05F892F7 /* Pods_Tests.framework */; };
		391D74A3076E6A532241E23A /* Helpers.swift in Sources */ = {isa = PBXBuildFile; fileRef = C9E5C2A4B7E88A43768AB93E /* Helpers.swift */; };
		396348F8A08F720CCE42E74F /* Foundation.framework in Frameworks */ = {isa = PBXBuildFile; fileRef = 61F9D5F26B99B413CB15EE74 /* Foundation.framework */; };
		763B0002A21B9B74D41E5067 /* Extra.swift in Sources */ = {isa = PBXBuildFile; fileRef = 91EFA13D31C1FA75434FD050 /* Extra.swift */; };
		8A6FE0B80673877C89176BAF /* Foundation.framework in Frameworks */ = {isa = PBXBuildFile; fileRef = 61F9D5F26B99B413CB15EE74 /* Foundation.framework */; };
		8C1D27A262EB434F4BBA0C06 /* Errors.swift in Sources */ = {isa = PBXBuildFile; fileRef = F14EBBDDAE350BCC15620DF0 /* Errors.swift */; };
		98E50F96DBD284BA2D630C76 /* Main.swift in Sources */ = {isa = PBXBuildFile; fileRef = 9B116BC2CF1CA90CC1DE79A1 /* Main.swift */; };
		9CEEA7D180A781108F9FB9EB /* User.swift in Sources */ = {isa = PBXBuildFile; fileRef = 6E7D59C49EA102EA13F50EB9 /* User.swift */; };
		A4CC55B4B4472012286A97C6 /* Helpers.swift in Sources */ = {isa = PBXBuildFile; fileRef = AB9AC50A2D98D1E7F1A81328 /* Helpers.swift */; };
		BF4A011D75F43D03FEAB5B11 /* Pods_Fwk.framework in Frameworks */ = {isa = PBXBuildFile; fileRef = EB855BFD3A8C2C997BCFBAF8 /* Pods_Fwk.framework */; };
		C39033F91BDA041BEE584762 /* XCEValidatableValue.framework in Frameworks */ = {isa = PBXBuildFile; fileRef = F6E39127243C56E68CAF08F2 /* XCEValidatableValue.framework */; };
		C4BBA4146537845C6326C602 /* ValueAccess.swift in Sources */ = {isa = PBXBuildFile; fileRef = 844B654A5604F7FABC68C520 /* ValueAccess.swift */; };
		C50A98A6BF0F72FACA7F398F /* Password.swift in Sources */ = {isa = PBXBuildFile; fileRef = CAA3E30DD7FE87217266E61B /* Password.swift */; };
		CC5D847AE6B63F2D5FFEC9F8 /* Main.swift in Sources */ = {isa = PBXBuildFile; fileRef = A8B79DB3BF9EA1DCA0A882D1 /* Main.swift */; };
		FD9032BBC20BC04B2A6A28E7 /* Validation.swift in Sources */ = {isa = PBXBuildFile; fileRef = 455750CC7C925B1DE1867D26 /* Validation.swift */; };
/* End PBXBuildFile section */

/* Begin PBXContainerItemProxy section */
		5B5628EF50748AD2DA7636C0 /* PBXContainerItemProxy */ = {
			isa = PBXContainerItemProxy;
			containerPortal = 3FE7943CFEADA2CFC5B60F39 /* Project object */;
			proxyType = 1;
			remoteGlobalIDString = A6D99FB25F1E0D1198BCB4B1;
			remoteInfo = Fwk;
		};
/* End PBXContainerItemProxy section */

/* Begin PBXCopyFilesBuildPhase section */
		C58540BA8D2D96EB395F456D /* Embed Frameworks */ = {
			isa = PBXCopyFilesBuildPhase;
			buildActionMask = 2147483647;
			dstPath = "";
			dstSubfolderSpec = 10;
			files = (
			);
			name = "Embed Frameworks";
			runOnlyForDeploymentPostprocessing = 0;
		};
		F6669DC18AC81399618D8E27 /* Embed Frameworks */ = {
			isa = PBXCopyFilesBuildPhase;
			buildActionMask = 2147483647;
			dstPath = "";
			dstSubfolderSpec = 10;
			files = (
			);
			name = "Embed Frameworks";
			runOnlyForDeploymentPostprocessing = 0;
		};
/* End PBXCopyFilesBuildPhase section */

/* Begin PBXFileReference section */
		0426DB87FD5C7F03F4FCB5AD /* Pods-Fwk.debug.xcconfig */ = {isa = PBXFileReference; includeInIndex = 1; lastKnownFileType = text.xcconfig; name = "Pods-Fwk.debug.xcconfig"; path = "Pods/Target Support Files/Pods-Fwk/Pods-Fwk.debug.xcconfig"; sourceTree = "<group>"; };
		1E27F67DCB7475ECDD722A37 /* Tests.xctest */ = {isa = PBXFileReference; explicitFileType = wrapper.cfbundle; includeInIndex = 0; path = Tests.xctest; sourceTree = BUILT_PRODUCTS_DIR; };
		39EA6E52D1783D93A97146D4 /* Pods-Tests.release.xcconfig */ = {isa = PBXFileReference; includeInIndex = 1; lastKnownFileType = text.xcconfig; name = "Pods-Tests.release.xcconfig"; path = "Pods/Target Support Files/Pods-Tests/Pods-Tests.release.xcconfig"; sourceTree = "<group>"; };
		455750CC7C925B1DE1867D26 /* Validation.swift */ = {isa = PBXFileReference; includeInIndex = 1; lastKnownFileType = sourcecode.swift; path = Validation.swift; sourceTree = "<group>"; };
		61F9D5F26B99B413CB15EE74 /* Foundation.framework */ = {isa = PBXFileReference; lastKnownFileType = wrapper.framework; name = Foundation.framework; path = Platforms/iPhoneOS.platform/Developer/SDKs/iPhoneOS10.3.sdk/System/Library/Frameworks/Foundation.framework; sourceTree = DEVELOPER_DIR; };
		6E7D59C49EA102EA13F50EB9 /* User.swift */ = {isa = PBXFileReference; includeInIndex = 1; lastKnownFileType = sourcecode.swift; path = User.swift; sourceTree = "<group>"; };
		844B654A5604F7FABC68C520 /* ValueAccess.swift */ = {isa = PBXFileReference; includeInIndex = 1; lastKnownFileType = sourcecode.swift; path = ValueAccess.swift; sourceTree = "<group>"; };
		91EFA13D31C1FA75434FD050 /* Extra.swift */ = {isa = PBXFileReference; includeInIndex = 1; lastKnownFileType = sourcecode.swift; path = Extra.swift; sourceTree = "<group>"; };
		98917A721FA28DD086CFBD77 /* Pods-Tests.debug.xcconfig */ = {isa = PBXFileReference; includeInIndex = 1; lastKnownFileType = text.xcconfig; name = "Pods-Tests.debug.xcconfig"; path = "Pods/Target Support Files/Pods-Tests/Pods-Tests.debug.xcconfig"; sourceTree = "<group>"; };
		9B116BC2CF1CA90CC1DE79A1 /* Main.swift */ = {isa = PBXFileReference; includeInIndex = 1; lastKnownFileType = sourcecode.swift; path = Main.swift; sourceTree = "<group>"; };
		A4E624B865CB890D05F892F7 /* Pods_Tests.framework */ = {isa = PBXFileReference; explicitFileType = wrapper.framework; includeInIndex = 0; path = Pods_Tests.framework; sourceTree = BUILT_PRODUCTS_DIR; };
		A657A3EEC393F030EB643D8E /* Pods-Fwk.release.xcconfig */ = {isa = PBXFileReference; includeInIndex = 1; lastKnownFileType = text.xcconfig; name = "Pods-Fwk.release.xcconfig"; path = "Pods/Target Support Files/Pods-Fwk/Pods-Fwk.release.xcconfig"; sourceTree = "<group>"; };
		A8B79DB3BF9EA1DCA0A882D1 /* Main.swift */ = {isa = PBXFileReference; includeInIndex = 1; lastKnownFileType = sourcecode.swift; path = Main.swift; sourceTree = "<group>"; };
		AB9AC50A2D98D1E7F1A81328 /* Helpers.swift */ = {isa = PBXFileReference; includeInIndex = 1; lastKnownFileType = sourcecode.swift; path = Helpers.swift; sourceTree = "<group>"; };
		C9E5C2A4B7E88A43768AB93E /* Helpers.swift */ = {isa = PBXFileReference; includeInIndex = 1; lastKnownFileType = sourcecode.swift; path = Helpers.swift; sourceTree = "<group>"; };
		CAA3E30DD7FE87217266E61B /* Password.swift */ = {isa = PBXFileReference; includeInIndex = 1; lastKnownFileType = sourcecode.swift; path = Password.swift; sourceTree = "<group>"; };
		EB855BFD3A8C2C997BCFBAF8 /* Pods_Fwk.framework */ = {isa = PBXFileReference; explicitFileType = wrapper.framework; includeInIndex = 0; path = Pods_Fwk.framework; sourceTree = BUILT_PRODUCTS_DIR; };
		F14EBBDDAE350BCC15620DF0 /* Errors.swift */ = {isa = PBXFileReference; includeInIndex = 1; lastKnownFileType = sourcecode.swift; path = Errors.swift; sourceTree = "<group>"; };
		F6E39127243C56E68CAF08F2 /* XCEValidatableValue.framework */ = {isa = PBXFileReference; explicitFileType = wrapper.framework; includeInIndex = 0; path = XCEValidatableValue.framework; sourceTree = BUILT_PRODUCTS_DIR; };
/* End PBXFileReference section */

/* Begin PBXFrameworksBuildPhase section */
		9BFF41AD8DA5589E8D3BF6C0 /* Frameworks */ = {
			isa = PBXFrameworksBuildPhase;
			buildActionMask = 2147483647;
			files = (
				396348F8A08F720CCE42E74F /* Foundation.framework in Frameworks */,
				BF4A011D75F43D03FEAB5B11 /* Pods_Fwk.framework in Frameworks */,
			);
			runOnlyForDeploymentPostprocessing = 0;
		};
		BD08C6A7E01CA91F90EA315B /* Frameworks */ = {
			isa = PBXFrameworksBuildPhase;
			buildActionMask = 2147483647;
			files = (
				8A6FE0B80673877C89176BAF /* Foundation.framework in Frameworks */,
				C39033F91BDA041BEE584762 /* XCEValidatableValue.framework in Frameworks */,
				277F67AE0B99568E7E740A13 /* Pods_Tests.framework in Frameworks */,
			);
			runOnlyForDeploymentPostprocessing = 0;
		};
/* End PBXFrameworksBuildPhase section */

/* Begin PBXGroup section */
		0946375EB70D551D2A89FDF5 = {
			isa = PBXGroup;
			children = (
				D97E001B83C5A4FF70A53762 /* Products */,
				152DAA14326B8109D8284208 /* Frameworks */,
				4EE3E6AC564585874BA020A7 /* Src */,
				D669A5B1CE909AA7827B8BA1 /* Tst */,
				6803DC3DC6928290B5415CAB /* Pods */,
			);
			sourceTree = "<group>";
		};
		152DAA14326B8109D8284208 /* Frameworks */ = {
			isa = PBXGroup;
			children = (
				C91B751EAED2C2559DAA98F0 /* iOS */,
				A7892606519179C3FA35EBE0 /* $subproj */,
				313D1F71EFCD275B4695A55C /* $local */,
				EB855BFD3A8C2C997BCFBAF8 /* Pods_Fwk.framework */,
				A4E624B865CB890D05F892F7 /* Pods_Tests.framework */,
			);
			name = Frameworks;
			sourceTree = "<group>";
		};
		313D1F71EFCD275B4695A55C /* $local */ = {
			isa = PBXGroup;
			children = (
			);
			name = $local;
			sourceTree = "<group>";
		};
		4EE3E6AC564585874BA020A7 /* Src */ = {
			isa = PBXGroup;
			children = (
				F14EBBDDAE350BCC15620DF0 /* Errors.swift */,
				91EFA13D31C1FA75434FD050 /* Extra.swift */,
				C9E5C2A4B7E88A43768AB93E /* Helpers.swift */,
				9B116BC2CF1CA90CC1DE79A1 /* Main.swift */,
				455750CC7C925B1DE1867D26 /* Validation.swift */,
				844B654A5604F7FABC68C520 /* ValueAccess.swift */,
			);
			path = Src;
			sourceTree = SOURCE_ROOT;
		};
		6803DC3DC6928290B5415CAB /* Pods */ = {
			isa = PBXGroup;
			children = (
				0426DB87FD5C7F03F4FCB5AD /* Pods-Fwk.debug.xcconfig */,
				A657A3EEC393F030EB643D8E /* Pods-Fwk.release.xcconfig */,
				98917A721FA28DD086CFBD77 /* Pods-Tests.debug.xcconfig */,
				39EA6E52D1783D93A97146D4 /* Pods-Tests.release.xcconfig */,
			);
			name = Pods;
			sourceTree = "<group>";
		};
		A7892606519179C3FA35EBE0 /* $subproj */ = {
			isa = PBXGroup;
			children = (
			);
			name = $subproj;
			sourceTree = "<group>";
		};
		C91B751EAED2C2559DAA98F0 /* iOS */ = {
			isa = PBXGroup;
			children = (
				61F9D5F26B99B413CB15EE74 /* Foundation.framework */,
			);
			name = iOS;
			sourceTree = "<group>";
		};
		D1A5013137EADCD5C2F04EB1 /* User */ = {
			isa = PBXGroup;
			children = (
				CAA3E30DD7FE87217266E61B /* Password.swift */,
				6E7D59C49EA102EA13F50EB9 /* User.swift */,
			);
			path = User;
			sourceTree = "<group>";
		};
		D669A5B1CE909AA7827B8BA1 /* Tst */ = {
			isa = PBXGroup;
			children = (
				A8B79DB3BF9EA1DCA0A882D1 /* Main.swift */,
				F264ED6D10836C4646D06D8D /* Spec */,
			);
			path = Tst;
			sourceTree = SOURCE_ROOT;
		};
		D97E001B83C5A4FF70A53762 /* Products */ = {
			isa = PBXGroup;
			children = (
				F6E39127243C56E68CAF08F2 /* XCEValidatableValue.framework */,
				1E27F67DCB7475ECDD722A37 /* Tests.xctest */,
			);
			name = Products;
			sourceTree = "<group>";
		};
		F264ED6D10836C4646D06D8D /* Spec */ = {
			isa = PBXGroup;
			children = (
				AB9AC50A2D98D1E7F1A81328 /* Helpers.swift */,
				D1A5013137EADCD5C2F04EB1 /* User */,
			);
			path = Spec;
			sourceTree = "<group>";
		};
/* End PBXGroup section */

/* Begin PBXNativeTarget section */
		A6D99FB25F1E0D1198BCB4B1 /* Fwk */ = {
			isa = PBXNativeTarget;
			buildConfigurationList = 2D2C3AC5A301230AC479C996 /* Build configuration list for PBXNativeTarget "Fwk" */;
			buildPhases = (
				75D5AB9C8EF2501C90E8E44B /* [CP] Check Pods Manifest.lock */,
				4D6A7589E3043E8B0DB68184 /* Sources */,
				9BFF41AD8DA5589E8D3BF6C0 /* Frameworks */,
				C58540BA8D2D96EB395F456D /* Embed Frameworks */,
				A9B8DC5069F84E4A3260F4BD /* [CP] Copy Pods Resources */,
			);
			buildRules = (
			);
			dependencies = (
			);
			name = Fwk;
			productName = Fwk;
			productReference = F6E39127243C56E68CAF08F2 /* XCEValidatableValue.framework */;
			productType = "com.apple.product-type.framework";
		};
		D45CB0B27B6B9656B15E80CD /* Tests */ = {
			isa = PBXNativeTarget;
			buildConfigurationList = D2273B8DEC6C844B24870FFC /* Build configuration list for PBXNativeTarget "Tests" */;
			buildPhases = (
				4981B5A1980D361BB1D9050C /* [CP] Check Pods Manifest.lock */,
				F5C2AFCAB789D75BE547AAF8 /* Sources */,
				BD08C6A7E01CA91F90EA315B /* Frameworks */,
				F6669DC18AC81399618D8E27 /* Embed Frameworks */,
				78F0973B0DBAED30E1FD08D3 /* [CP] Embed Pods Frameworks */,
				C392E9A86ECA7D2083BB19D8 /* [CP] Copy Pods Resources */,
			);
			buildRules = (
			);
			dependencies = (
				2125F0C2C5CAAAED8191AC8F /* PBXTargetDependency */,
			);
			name = Tests;
			productName = Tests;
			productReference = 1E27F67DCB7475ECDD722A37 /* Tests.xctest */;
			productType = "com.apple.product-type.bundle.unit-test";
		};
/* End PBXNativeTarget section */

/* Begin PBXProject section */
		3FE7943CFEADA2CFC5B60F39 /* Project object */ = {
			isa = PBXProject;
			attributes = {
				LastSwiftUpdateCheck = 0830;
				LastUpgradeCheck = 0700;
			};
			buildConfigurationList = B187C5AEA8DB707137621C33 /* Build configuration list for PBXProject "ValidatableValue" */;
			compatibilityVersion = "Xcode 3.2";
			developmentRegion = English;
			hasScannedForEncodings = 0;
			knownRegions = (
				en,
			);
			mainGroup = 0946375EB70D551D2A89FDF5;
			productRefGroup = D97E001B83C5A4FF70A53762 /* Products */;
			projectDirPath = "";
			projectRoot = "";
			targets = (
				A6D99FB25F1E0D1198BCB4B1 /* Fwk */,
				D45CB0B27B6B9656B15E80CD /* Tests */,
			);
		};
/* End PBXProject section */

/* Begin PBXShellScriptBuildPhase section */
		4981B5A1980D361BB1D9050C /* [CP] Check Pods Manifest.lock */ = {
			isa = PBXShellScriptBuildPhase;
			buildActionMask = 2147483647;
			files = (
			);
			inputPaths = (
			);
			name = "[CP] Check Pods Manifest.lock";
			outputPaths = (
			);
			runOnlyForDeploymentPostprocessing = 0;
			shellPath = /bin/sh;
			shellScript = "diff \"${PODS_PODFILE_DIR_PATH}/Podfile.lock\" \"${PODS_ROOT}/Manifest.lock\" > /dev/null\nif [ $? != 0 ] ; then\n    # print error to STDERR\n    echo \"error: The sandbox is not in sync with the Podfile.lock. Run 'pod install' or update your CocoaPods installation.\" >&2\n    exit 1\nfi\n";
			showEnvVarsInLog = 0;
		};
		75D5AB9C8EF2501C90E8E44B /* [CP] Check Pods Manifest.lock */ = {
			isa = PBXShellScriptBuildPhase;
			buildActionMask = 2147483647;
			files = (
			);
			inputPaths = (
			);
			name = "[CP] Check Pods Manifest.lock";
			outputPaths = (
			);
			runOnlyForDeploymentPostprocessing = 0;
			shellPath = /bin/sh;
			shellScript = "diff \"${PODS_PODFILE_DIR_PATH}/Podfile.lock\" \"${PODS_ROOT}/Manifest.lock\" > /dev/null\nif [ $? != 0 ] ; then\n    # print error to STDERR\n    echo \"error: The sandbox is not in sync with the Podfile.lock. Run 'pod install' or update your CocoaPods installation.\" >&2\n    exit 1\nfi\n";
			showEnvVarsInLog = 0;
		};
		78F0973B0DBAED30E1FD08D3 /* [CP] Embed Pods Frameworks */ = {
			isa = PBXShellScriptBuildPhase;
			buildActionMask = 2147483647;
			files = (
			);
			inputPaths = (
			);
			name = "[CP] Embed Pods Frameworks";
			outputPaths = (
			);
			runOnlyForDeploymentPostprocessing = 0;
			shellPath = /bin/sh;
			shellScript = "\"${SRCROOT}/Pods/Target Support Files/Pods-Tests/Pods-Tests-frameworks.sh\"\n";
			showEnvVarsInLog = 0;
		};
		A9B8DC5069F84E4A3260F4BD /* [CP] Copy Pods Resources */ = {
			isa = PBXShellScriptBuildPhase;
			buildActionMask = 2147483647;
			files = (
			);
			inputPaths = (
			);
			name = "[CP] Copy Pods Resources";
			outputPaths = (
			);
			runOnlyForDeploymentPostprocessing = 0;
			shellPath = /bin/sh;
			shellScript = "\"${SRCROOT}/Pods/Target Support Files/Pods-Fwk/Pods-Fwk-resources.sh\"\n";
			showEnvVarsInLog = 0;
		};
		C392E9A86ECA7D2083BB19D8 /* [CP] Copy Pods Resources */ = {
			isa = PBXShellScriptBuildPhase;
			buildActionMask = 2147483647;
			files = (
			);
			inputPaths = (
			);
			name = "[CP] Copy Pods Resources";
			outputPaths = (
			);
			runOnlyForDeploymentPostprocessing = 0;
			shellPath = /bin/sh;
			shellScript = "\"${SRCROOT}/Pods/Target Support Files/Pods-Tests/Pods-Tests-resources.sh\"\n";
			showEnvVarsInLog = 0;
		};
/* End PBXShellScriptBuildPhase section */

/* Begin PBXSourcesBuildPhase section */
		4D6A7589E3043E8B0DB68184 /* Sources */ = {
			isa = PBXSourcesBuildPhase;
			buildActionMask = 2147483647;
			files = (
				8C1D27A262EB434F4BBA0C06 /* Errors.swift in Sources */,
				763B0002A21B9B74D41E5067 /* Extra.swift in Sources */,
				391D74A3076E6A532241E23A /* Helpers.swift in Sources */,
				98E50F96DBD284BA2D630C76 /* Main.swift in Sources */,
				FD9032BBC20BC04B2A6A28E7 /* Validation.swift in Sources */,
				C4BBA4146537845C6326C602 /* ValueAccess.swift in Sources */,
			);
			runOnlyForDeploymentPostprocessing = 0;
		};
		F5C2AFCAB789D75BE547AAF8 /* Sources */ = {
			isa = PBXSourcesBuildPhase;
			buildActionMask = 2147483647;
			files = (
				CC5D847AE6B63F2D5FFEC9F8 /* Main.swift in Sources */,
				A4CC55B4B4472012286A97C6 /* Helpers.swift in Sources */,
				C50A98A6BF0F72FACA7F398F /* Password.swift in Sources */,
				9CEEA7D180A781108F9FB9EB /* User.swift in Sources */,
			);
			runOnlyForDeploymentPostprocessing = 0;
		};
/* End PBXSourcesBuildPhase section */

/* Begin PBXTargetDependency section */
		2125F0C2C5CAAAED8191AC8F /* PBXTargetDependency */ = {
			isa = PBXTargetDependency;
			name = Fwk;
			target = A6D99FB25F1E0D1198BCB4B1 /* Fwk */;
			targetProxy = 5B5628EF50748AD2DA7636C0 /* PBXContainerItemProxy */;
		};
/* End PBXTargetDependency section */

/* Begin XCBuildConfiguration section */
		582CCFFA750A355879A79654 /* Debug */ = {
			isa = XCBuildConfiguration;
			buildSettings = {
				ALWAYS_SEARCH_USER_PATHS = NO;
				CLANG_ANALYZER_NONNULL = YES;
				CLANG_CXX_LANGUAGE_STANDARD = "gnu++0x";
				CLANG_CXX_LIBRARY = "libc++";
				CLANG_ENABLE_MODULES = YES;
				CLANG_ENABLE_OBJC_ARC = YES;
				CLANG_WARN_BOOL_CONVERSION = YES;
				CLANG_WARN_CONSTANT_CONVERSION = YES;
				CLANG_WARN_DIRECT_OBJC_ISA_USAGE = YES_ERROR;
				CLANG_WARN_DOCUMENTATION_COMMENTS = YES;
				CLANG_WARN_EMPTY_BODY = YES;
				CLANG_WARN_ENUM_CONVERSION = YES;
				CLANG_WARN_INFINITE_RECURSION = YES;
				CLANG_WARN_INT_CONVERSION = YES;
				CLANG_WARN_OBJC_ROOT_CLASS = YES_ERROR;
				CLANG_WARN_SUSPICIOUS_MOVE = YES;
				CLANG_WARN_SUSPICIOUS_MOVES = YES;
				CLANG_WARN_UNREACHABLE_CODE = YES;
				CLANG_WARN__DUPLICATE_METHOD_MATCH = YES;
				CODE_SIGN_IDENTITY = "-";
				"CODE_SIGN_IDENTITY[sdk=iphoneos*]" = "iPhone Developer";
				COPY_PHASE_STRIP = NO;
				DEBUG_INFORMATION_FORMAT = dwarf;
				ENABLE_STRICT_OBJC_MSGSEND = YES;
				ENABLE_TESTABILITY = YES;
				GCC_C_LANGUAGE_STANDARD = gnu99;
				GCC_DYNAMIC_NO_PIC = NO;
				GCC_NO_COMMON_BLOCKS = YES;
				GCC_OPTIMIZATION_LEVEL = 0;
				GCC_PREPROCESSOR_DEFINITIONS = (
					"DEBUG=1",
					"$(inherited)",
				);
				GCC_WARN_64_TO_32_BIT_CONVERSION = YES;
				GCC_WARN_ABOUT_RETURN_TYPE = YES_ERROR;
				GCC_WARN_UNDECLARED_SELECTOR = YES;
				GCC_WARN_UNINITIALIZED_AUTOS = YES_AGGRESSIVE;
				GCC_WARN_UNUSED_FUNCTION = YES;
				GCC_WARN_UNUSED_VARIABLE = YES;
				IPHONEOS_DEPLOYMENT_TARGET = 8.0;
				ONLY_ACTIVE_ARCH = YES;
				SWIFT_ACTIVE_COMPILATION_CONDITIONS = DEBUG;
				SWIFT_OPTIMIZATION_LEVEL = "-Onone";
				SWIFT_VERSION = 3.0;
				VERSIONING_SYSTEM = "apple-generic";
			};
			name = Debug;
		};
		7A6735F1EAA82FB8236637DB /* Release */ = {
			isa = XCBuildConfiguration;
			baseConfigurationReference = 39EA6E52D1783D93A97146D4 /* Pods-Tests.release.xcconfig */;
			buildSettings = {
				ALWAYS_EMBED_SWIFT_STANDARD_LIBRARIES = YES;
				BUNDLE_LOADER = "$(TEST_HOST)";
				FRAMEWORK_SEARCH_PATHS = (
					"$(inherited)",
					"$(BUILT_PRODUCTS_DIR)",
				);
				INFOPLIST_FILE = Info/Tst.plist;
				IPHONEOS_DEPLOYMENT_TARGET = 8.0;
				LD_RUNPATH_SEARCH_PATHS = "$(inherited) @executable_path/Frameworks @loader_path/Frameworks";
				PRODUCT_BUNDLE_IDENTIFIER = io.XCEssentials.ValidatableValue.Tst;
				PRODUCT_NAME = "$(TARGET_NAME)";
				SDKROOT = iphoneos;
				SWIFT_VERSION = 3.0;
			};
			name = Release;
		};
		9E621C9DAF8D85D62E34226D /* Release */ = {
			isa = XCBuildConfiguration;
			baseConfigurationReference = A657A3EEC393F030EB643D8E /* Pods-Fwk.release.xcconfig */;
			buildSettings = {
				ALWAYS_EMBED_SWIFT_STANDARD_LIBRARIES = YES;
				CURRENT_PROJECT_VERSION = 7;
				DEFINES_MODULE = NO;
				ENABLE_TESTABILITY = YES;
				INFOPLIST_FILE = Info/Fwk.plist;
				INSTALL_PATH = "$(LOCAL_LIBRARY_DIR)/Frameworks";
				IPHONEOS_DEPLOYMENT_TARGET = 8.0;
				LD_RUNPATH_SEARCH_PATHS = "$(inherited) @executable_path/Frameworks";
				PRODUCT_BUNDLE_IDENTIFIER = io.XCEssentials.ValidatableValue;
				PRODUCT_NAME = XCEValidatableValue;
				SDKROOT = iphoneos;
				SKIP_INSTALL = YES;
				SWIFT_VERSION = 3.0;
				TARGETED_DEVICE_FAMILY = "1,2";
				VERSIONING_SYSTEM = "apple-generic";
				VERSION_INFO_PREFIX = "";
			};
			name = Release;
		};
		B6D990CDD708FF5E5BEA185F /* Debug */ = {
			isa = XCBuildConfiguration;
			baseConfigurationReference = 98917A721FA28DD086CFBD77 /* Pods-Tests.debug.xcconfig */;
			buildSettings = {
				ALWAYS_EMBED_SWIFT_STANDARD_LIBRARIES = YES;
				BUNDLE_LOADER = "$(TEST_HOST)";
				FRAMEWORK_SEARCH_PATHS = (
					"$(inherited)",
					"$(BUILT_PRODUCTS_DIR)",
				);
				INFOPLIST_FILE = Info/Tst.plist;
				IPHONEOS_DEPLOYMENT_TARGET = 8.0;
				LD_RUNPATH_SEARCH_PATHS = "$(inherited) @executable_path/Frameworks @loader_path/Frameworks";
				MTL_ENABLE_DEBUG_INFO = true;
				PRODUCT_BUNDLE_IDENTIFIER = io.XCEssentials.ValidatableValue.Tst;
				PRODUCT_NAME = "$(TARGET_NAME)";
				SDKROOT = iphoneos;
				SWIFT_VERSION = 3.0;
			};
			name = Debug;
		};
		B8FA8689D6F946680B053381 /* Release */ = {
			isa = XCBuildConfiguration;
			buildSettings = {
				ALWAYS_SEARCH_USER_PATHS = NO;
				CLANG_ANALYZER_NONNULL = YES;
				CLANG_CXX_LANGUAGE_STANDARD = "gnu++0x";
				CLANG_CXX_LIBRARY = "libc++";
				CLANG_ENABLE_MODULES = YES;
				CLANG_ENABLE_OBJC_ARC = YES;
				CLANG_WARN_BOOL_CONVERSION = YES;
				CLANG_WARN_CONSTANT_CONVERSION = YES;
				CLANG_WARN_DIRECT_OBJC_ISA_USAGE = YES_ERROR;
				CLANG_WARN_DOCUMENTATION_COMMENTS = YES;
				CLANG_WARN_EMPTY_BODY = YES;
				CLANG_WARN_ENUM_CONVERSION = YES;
				CLANG_WARN_INFINITE_RECURSION = YES;
				CLANG_WARN_INT_CONVERSION = YES;
				CLANG_WARN_OBJC_ROOT_CLASS = YES_ERROR;
				CLANG_WARN_SUSPICIOUS_MOVE = YES;
				CLANG_WARN_SUSPICIOUS_MOVES = YES;
				CLANG_WARN_UNREACHABLE_CODE = YES;
				CLANG_WARN__DUPLICATE_METHOD_MATCH = YES;
				CODE_SIGN_IDENTITY = "-";
				"CODE_SIGN_IDENTITY[sdk=iphoneos*]" = "iPhone Developer";
				COPY_PHASE_STRIP = NO;
				DEBUG_INFORMATION_FORMAT = "dwarf-with-dsym";
				ENABLE_NS_ASSERTIONS = NO;
				ENABLE_STRICT_OBJC_MSGSEND = YES;
				GCC_C_LANGUAGE_STANDARD = gnu99;
				GCC_NO_COMMON_BLOCKS = YES;
				GCC_WARN_64_TO_32_BIT_CONVERSION = YES;
				GCC_WARN_ABOUT_RETURN_TYPE = YES_ERROR;
				GCC_WARN_UNDECLARED_SELECTOR = YES;
				GCC_WARN_UNINITIALIZED_AUTOS = YES_AGGRESSIVE;
				GCC_WARN_UNUSED_FUNCTION = YES;
				GCC_WARN_UNUSED_VARIABLE = YES;
				IPHONEOS_DEPLOYMENT_TARGET = 8.0;
				SWIFT_OPTIMIZATION_LEVEL = "-Owholemodule";
				SWIFT_VERSION = 3.0;
				VALIDATE_PRODUCT = YES;
				VERSIONING_SYSTEM = "apple-generic";
			};
			name = Release;
		};
		D7BE62BA8C25EF2E64DBC525 /* Debug */ = {
			isa = XCBuildConfiguration;
			baseConfigurationReference = 0426DB87FD5C7F03F4FCB5AD /* Pods-Fwk.debug.xcconfig */;
			buildSettings = {
				ALWAYS_EMBED_SWIFT_STANDARD_LIBRARIES = YES;
				CURRENT_PROJECT_VERSION = 7;
				DEFINES_MODULE = NO;
				ENABLE_TESTABILITY = YES;
				INFOPLIST_FILE = Info/Fwk.plist;
				INSTALL_PATH = "$(LOCAL_LIBRARY_DIR)/Frameworks";
				IPHONEOS_DEPLOYMENT_TARGET = 8.0;
				LD_RUNPATH_SEARCH_PATHS = "$(inherited) @executable_path/Frameworks";
				MTL_ENABLE_DEBUG_INFO = true;
				PRODUCT_BUNDLE_IDENTIFIER = io.XCEssentials.ValidatableValue;
				PRODUCT_NAME = XCEValidatableValue;
				SDKROOT = iphoneos;
				SKIP_INSTALL = YES;
				SWIFT_VERSION = 3.0;
				TARGETED_DEVICE_FAMILY = "1,2";
				VERSIONING_SYSTEM = "apple-generic";
				VERSION_INFO_PREFIX = "";
			};
			name = Debug;
		};
/* End XCBuildConfiguration section */

/* Begin XCConfigurationList section */
		2D2C3AC5A301230AC479C996 /* Build configuration list for PBXNativeTarget "Fwk" */ = {
			isa = XCConfigurationList;
			buildConfigurations = (
				D7BE62BA8C25EF2E64DBC525 /* Debug */,
				9E621C9DAF8D85D62E34226D /* Release */,
			);
			defaultConfigurationIsVisible = 0;
			defaultConfigurationName = Release;
		};
		B187C5AEA8DB707137621C33 /* Build configuration list for PBXProject "ValidatableValue" */ = {
			isa = XCConfigurationList;
			buildConfigurations = (
				582CCFFA750A355879A79654 /* Debug */,
				B8FA8689D6F946680B053381 /* Release */,
			);
			defaultConfigurationIsVisible = 0;
			defaultConfigurationName = Debug;
		};
		D2273B8DEC6C844B24870FFC /* Build configuration list for PBXNativeTarget "Tests" */ = {
			isa = XCConfigurationList;
			buildConfigurations = (
				B6D990CDD708FF5E5BEA185F /* Debug */,
				7A6735F1EAA82FB8236637DB /* Release */,
			);
			defaultConfigurationIsVisible = 0;
			defaultConfigurationName = Release;
		};
/* End XCConfigurationList section */
	};
	rootObject = 3FE7943CFEADA2CFC5B60F39 /* Project object */;
}
