// !$*UTF8*$!
{
	archiveVersion = 1;
	classes = {
	};
	objectVersion = 46;
	objects = {

/* Begin PBXBuildFile section */
		0FB35F5FCB47A989B93537D7 /* Pods_MKHValidatableValue.framework in Frameworks */ = {isa = PBXBuildFile; fileRef = 55D35706BF3500F07FD2392E /* Pods_MKHValidatableValue.framework */; };
		3B46B4E1E9AF0B959763C45C /* Foundation.framework in Frameworks */ = {isa = PBXBuildFile; fileRef = C14597F5952289B3CDA76ABE /* Foundation.framework */; };
		9172F2EC8C0E470ADD9570A2 /* Helpers.swift in Sources */ = {isa = PBXBuildFile; fileRef = 9F22F8B193306CC041383248 /* Helpers.swift */; };
		9F4176799A7991EDBF435934 /* UIKit.framework in Frameworks */ = {isa = PBXBuildFile; fileRef = 33DCCBB7ABAC818E92513554 /* UIKit.framework */; };
		A0FCF53D244B8964D9641A15 /* Errors.swift in Sources */ = {isa = PBXBuildFile; fileRef = DA35211D0C3BF95DD3CADF6D /* Errors.swift */; };
		A32D9CB22E1220133B7C5213 /* Main.swift in Sources */ = {isa = PBXBuildFile; fileRef = 6415EC919B55F9DA939884DF /* Main.swift */; };
		CC6216F508203B7ECD5A532A /* Main.swift in Sources */ = {isa = PBXBuildFile; fileRef = 24FB8D18A8B4FB645BA1AE9D /* Main.swift */; };
		D7FFB44F6AAAED7CD4391BB2 /* Foundation.framework in Frameworks */ = {isa = PBXBuildFile; fileRef = C14597F5952289B3CDA76ABE /* Foundation.framework */; };
		E4BD737984FB2A05E51F4A91 /* ValueAccess.swift in Sources */ = {isa = PBXBuildFile; fileRef = E9401D70B3D8FB11EE0A5B2C /* ValueAccess.swift */; };
		E92BD8B728B2FD932681A974 /* UIKit.framework in Frameworks */ = {isa = PBXBuildFile; fileRef = 33DCCBB7ABAC818E92513554 /* UIKit.framework */; };
		FB2EEA980BE1355728A60E79 /* Validation.swift in Sources */ = {isa = PBXBuildFile; fileRef = 922DFD84C62CAD4A6747A48F /* Validation.swift */; };
/* End PBXBuildFile section */

/* Begin PBXFileReference section */
		24FB8D18A8B4FB645BA1AE9D /* Main.swift */ = {isa = PBXFileReference; includeInIndex = 1; lastKnownFileType = sourcecode.swift; path = Main.swift; sourceTree = "<group>"; };
		33DCCBB7ABAC818E92513554 /* UIKit.framework */ = {isa = PBXFileReference; lastKnownFileType = wrapper.framework; name = UIKit.framework; path = Platforms/iPhoneOS.platform/Developer/SDKs/iPhoneOS10.0.sdk/System/Library/Frameworks/UIKit.framework; sourceTree = DEVELOPER_DIR; };
		4638F9198D2D80EE96DB9F6F /* Pods-MKHValidatableValue.release.xcconfig */ = {isa = PBXFileReference; includeInIndex = 1; lastKnownFileType = text.xcconfig; name = "Pods-MKHValidatableValue.release.xcconfig"; path = "Pods/Target Support Files/Pods-MKHValidatableValue/Pods-MKHValidatableValue.release.xcconfig"; sourceTree = "<group>"; };
		55D35706BF3500F07FD2392E /* Pods_MKHValidatableValue.framework */ = {isa = PBXFileReference; explicitFileType = wrapper.framework; includeInIndex = 0; path = Pods_MKHValidatableValue.framework; sourceTree = BUILT_PRODUCTS_DIR; };
		6415EC919B55F9DA939884DF /* Main.swift */ = {isa = PBXFileReference; includeInIndex = 1; lastKnownFileType = sourcecode.swift; path = Main.swift; sourceTree = "<group>"; };
		72C06D6A0F2A7A0FF9C1445F /* MKHValidatableValue.h */ = {isa = PBXFileReference; includeInIndex = 1; lastKnownFileType = sourcecode.c.h; path = MKHValidatableValue.h; sourceTree = "<group>"; };
		922DFD84C62CAD4A6747A48F /* Validation.swift */ = {isa = PBXFileReference; includeInIndex = 1; lastKnownFileType = sourcecode.swift; path = Validation.swift; sourceTree = "<group>"; };
		9F22F8B193306CC041383248 /* Helpers.swift */ = {isa = PBXFileReference; includeInIndex = 1; lastKnownFileType = sourcecode.swift; path = Helpers.swift; sourceTree = "<group>"; };
		B7F52C3EC6232FD114B09FE3 /* Pods-MKHValidatableValue.debug.xcconfig */ = {isa = PBXFileReference; includeInIndex = 1; lastKnownFileType = text.xcconfig; name = "Pods-MKHValidatableValue.debug.xcconfig"; path = "Pods/Target Support Files/Pods-MKHValidatableValue/Pods-MKHValidatableValue.debug.xcconfig"; sourceTree = "<group>"; };
		C14597F5952289B3CDA76ABE /* Foundation.framework */ = {isa = PBXFileReference; lastKnownFileType = wrapper.framework; name = Foundation.framework; path = Platforms/iPhoneOS.platform/Developer/SDKs/iPhoneOS10.0.sdk/System/Library/Frameworks/Foundation.framework; sourceTree = DEVELOPER_DIR; };
		DA35211D0C3BF95DD3CADF6D /* Errors.swift */ = {isa = PBXFileReference; includeInIndex = 1; lastKnownFileType = sourcecode.swift; path = Errors.swift; sourceTree = "<group>"; };
		E075C26BDC231575BDD4E6A9 /* MKHValidatableValueTst.xctest */ = {isa = PBXFileReference; explicitFileType = wrapper.cfbundle; includeInIndex = 0; path = MKHValidatableValueTst.xctest; sourceTree = BUILT_PRODUCTS_DIR; };
		E9401D70B3D8FB11EE0A5B2C /* ValueAccess.swift */ = {isa = PBXFileReference; includeInIndex = 1; lastKnownFileType = sourcecode.swift; path = ValueAccess.swift; sourceTree = "<group>"; };
		F14DEAAADE13421742F8F259 /* MKHValidatableValue. */ = {isa = PBXFileReference; includeInIndex = 0; lastKnownFileType = wrapper.framework; name = MKHValidatableValue.; path = MKHValidatableValue.framework; sourceTree = BUILT_PRODUCTS_DIR; };
/* End PBXFileReference section */

/* Begin PBXFrameworksBuildPhase section */
		0B6CAB2B570E2314DCE39C2A /* Frameworks */ = {
			isa = PBXFrameworksBuildPhase;
			buildActionMask = 2147483647;
			files = (
				3B46B4E1E9AF0B959763C45C /* Foundation.framework in Frameworks */,
				9F4176799A7991EDBF435934 /* UIKit.framework in Frameworks */,
			);
			runOnlyForDeploymentPostprocessing = 0;
		};
		7F4C77D94BE9E82213113944 /* Frameworks */ = {
			isa = PBXFrameworksBuildPhase;
			buildActionMask = 2147483647;
			files = (
				D7FFB44F6AAAED7CD4391BB2 /* Foundation.framework in Frameworks */,
				E92BD8B728B2FD932681A974 /* UIKit.framework in Frameworks */,
				0FB35F5FCB47A989B93537D7 /* Pods_MKHValidatableValue.framework in Frameworks */,
			);
			runOnlyForDeploymentPostprocessing = 0;
		};
/* End PBXFrameworksBuildPhase section */

/* Begin PBXGroup section */
		084A75930D1F9F96EA8D4AA4 /* Src-Extra */ = {
			isa = PBXGroup;
			children = (
				72C06D6A0F2A7A0FF9C1445F /* MKHValidatableValue.h */,
			);
			path = "Src-Extra";
			sourceTree = "<group>";
		};
		17845D6A7EF39B50C0D66B90 /* iOS */ = {
			isa = PBXGroup;
			children = (
				C14597F5952289B3CDA76ABE /* Foundation.framework */,
				33DCCBB7ABAC818E92513554 /* UIKit.framework */,
			);
			name = iOS;
			sourceTree = "<group>";
		};
		1859B1114DB13BEB41FE1C41 /* Products */ = {
			isa = PBXGroup;
			children = (
				E075C26BDC231575BDD4E6A9 /* MKHValidatableValueTst.xctest */,
				F14DEAAADE13421742F8F259 /* MKHValidatableValue. */,
			);
			name = Products;
			sourceTree = "<group>";
		};
		208399D8EC9610DC238A5D14 = {
			isa = PBXGroup;
			children = (
				1859B1114DB13BEB41FE1C41 /* Products */,
				87649E410C6DFAB3AFB06062 /* Tst */,
				A0C0548FB5B7164A21E76C96 /* Src */,
				084A75930D1F9F96EA8D4AA4 /* Src-Extra */,
				759468EC609B6A7EA97E1654 /* Frameworks */,
				D51FDD72E88E4DF236ABBE33 /* Pods */,
			);
			sourceTree = "<group>";
		};
		759468EC609B6A7EA97E1654 /* Frameworks */ = {
			isa = PBXGroup;
			children = (
				17845D6A7EF39B50C0D66B90 /* iOS */,
				55D35706BF3500F07FD2392E /* Pods_MKHValidatableValue.framework */,
			);
			name = Frameworks;
			sourceTree = "<group>";
		};
		87649E410C6DFAB3AFB06062 /* Tst */ = {
			isa = PBXGroup;
			children = (
				24FB8D18A8B4FB645BA1AE9D /* Main.swift */,
			);
			path = Tst;
			sourceTree = "<group>";
		};
		A0C0548FB5B7164A21E76C96 /* Src */ = {
			isa = PBXGroup;
			children = (
				DA35211D0C3BF95DD3CADF6D /* Errors.swift */,
				9F22F8B193306CC041383248 /* Helpers.swift */,
				6415EC919B55F9DA939884DF /* Main.swift */,
				922DFD84C62CAD4A6747A48F /* Validation.swift */,
				E9401D70B3D8FB11EE0A5B2C /* ValueAccess.swift */,
			);
			path = Src;
			sourceTree = "<group>";
		};
		D51FDD72E88E4DF236ABBE33 /* Pods */ = {
			isa = PBXGroup;
			children = (
				B7F52C3EC6232FD114B09FE3 /* Pods-MKHValidatableValue.debug.xcconfig */,
				4638F9198D2D80EE96DB9F6F /* Pods-MKHValidatableValue.release.xcconfig */,
			);
			name = Pods;
			sourceTree = "<group>";
		};
/* End PBXGroup section */

/* Begin PBXNativeTarget section */
		1CCFEB1BB671EF1207A2DFF1 /* MKHValidatableValue */ = {
			isa = PBXNativeTarget;
			buildConfigurationList = 2E1ED7AB39EC8AF3779B3A4D /* Build configuration list for PBXNativeTarget "MKHValidatableValue" */;
			buildPhases = (
				65731470265BCEDBA99E5BEC /* [CP] Check Pods Manifest.lock */,
				1960652B2C083C7EABB4D277 /* Sources */,
				7F4C77D94BE9E82213113944 /* Frameworks */,
				6574ED4CEBDD40BFCCF79293 /* [CP] Copy Pods Resources */,
			);
			buildRules = (
			);
			dependencies = (
			);
			name = MKHValidatableValue;
			productName = MKHValidatableValue;
			productReference = F14DEAAADE13421742F8F259 /* MKHValidatableValue. */;
			productType = "com.apple.product-type.framework";
		};
		273F505F66B6DA53F38027FB /* MKHValidatableValueTst */ = {
			isa = PBXNativeTarget;
			buildConfigurationList = 298F25B971F398E6308C9788 /* Build configuration list for PBXNativeTarget "MKHValidatableValueTst" */;
			buildPhases = (
				A6D50BD82DE9A468C8BCAF06 /* Sources */,
				0B6CAB2B570E2314DCE39C2A /* Frameworks */,
			);
			buildRules = (
			);
			dependencies = (
			);
			name = MKHValidatableValueTst;
			productName = MKHValidatableValueTst;
			productReference = E075C26BDC231575BDD4E6A9 /* MKHValidatableValueTst.xctest */;
			productType = "com.apple.product-type.bundle.unit-test";
		};
/* End PBXNativeTarget section */

/* Begin PBXProject section */
		F8C87EA2300D5579E09ADE30 /* Project object */ = {
			isa = PBXProject;
			attributes = {
				CLASSPREFIX = VAL;
				LastSwiftUpdateCheck = 0730;
				LastUpgradeCheck = 0700;
				ORGANIZATIONNAME = "Maxim Khatskevich";
				TargetAttributes = {
					1CCFEB1BB671EF1207A2DFF1 = {
						DevelopmentTeam = UJA88X59XP;
					};
					273F505F66B6DA53F38027FB = {
						DevelopmentTeam = UJA88X59XP;
					};
				};
			};
			buildConfigurationList = 54E6795CC2151BB9A7575724 /* Build configuration list for PBXProject "MKHValidatableValue" */;
			compatibilityVersion = "Xcode 3.2";
			developmentRegion = English;
			hasScannedForEncodings = 0;
			knownRegions = (
				en,
			);
			mainGroup = 208399D8EC9610DC238A5D14;
			productRefGroup = 1859B1114DB13BEB41FE1C41 /* Products */;
			projectDirPath = "";
			projectRoot = "";
			targets = (
				273F505F66B6DA53F38027FB /* MKHValidatableValueTst */,
				1CCFEB1BB671EF1207A2DFF1 /* MKHValidatableValue */,
			);
		};
/* End PBXProject section */

/* Begin PBXShellScriptBuildPhase section */
		65731470265BCEDBA99E5BEC /* [CP] Check Pods Manifest.lock */ = {
			isa = PBXShellScriptBuildPhase;
			buildActionMask = 2147483647;
			files = (
			);
			inputPaths = (
			);
			name = "[CP] Check Pods Manifest.lock";
			outputPaths = (
			);
			runOnlyForDeploymentPostprocessing = 0;
			shellPath = /bin/sh;
			shellScript = "diff \"${PODS_ROOT}/../Podfile.lock\" \"${PODS_ROOT}/Manifest.lock\" > /dev/null\nif [ $? != 0 ] ; then\n    # print error to STDERR\n    echo \"error: The sandbox is not in sync with the Podfile.lock. Run 'pod install' or update your CocoaPods installation.\" >&2\n    exit 1\nfi\n";
			showEnvVarsInLog = 0;
		};
		6574ED4CEBDD40BFCCF79293 /* [CP] Copy Pods Resources */ = {
			isa = PBXShellScriptBuildPhase;
			buildActionMask = 2147483647;
			files = (
			);
			inputPaths = (
			);
			name = "[CP] Copy Pods Resources";
			outputPaths = (
			);
			runOnlyForDeploymentPostprocessing = 0;
			shellPath = /bin/sh;
			shellScript = "\"${SRCROOT}/Pods/Target Support Files/Pods-MKHValidatableValue/Pods-MKHValidatableValue-resources.sh\"\n";
			showEnvVarsInLog = 0;
		};
/* End PBXShellScriptBuildPhase section */

/* Begin PBXSourcesBuildPhase section */
		1960652B2C083C7EABB4D277 /* Sources */ = {
			isa = PBXSourcesBuildPhase;
			buildActionMask = 2147483647;
			files = (
				A0FCF53D244B8964D9641A15 /* Errors.swift in Sources */,
				9172F2EC8C0E470ADD9570A2 /* Helpers.swift in Sources */,
				A32D9CB22E1220133B7C5213 /* Main.swift in Sources */,
				FB2EEA980BE1355728A60E79 /* Validation.swift in Sources */,
				E4BD737984FB2A05E51F4A91 /* ValueAccess.swift in Sources */,
			);
			runOnlyForDeploymentPostprocessing = 0;
		};
		A6D50BD82DE9A468C8BCAF06 /* Sources */ = {
			isa = PBXSourcesBuildPhase;
			buildActionMask = 2147483647;
			files = (
				CC6216F508203B7ECD5A532A /* Main.swift in Sources */,
			);
			runOnlyForDeploymentPostprocessing = 0;
		};
/* End PBXSourcesBuildPhase section */

/* Begin XCBuildConfiguration section */
		3B9F3C2BFB879B3B151F9CBC /* Debug */ = {
			isa = XCBuildConfiguration;
			buildSettings = {
				ALWAYS_SEARCH_USER_PATHS = NO;
				CLANG_ANALYZER_NONNULL = YES;
				CLANG_CXX_LANGUAGE_STANDARD = "gnu++0x";
				CLANG_CXX_LIBRARY = "libc++";
				CLANG_ENABLE_MODULES = YES;
				CLANG_ENABLE_OBJC_ARC = YES;
				CLANG_WARN_BOOL_CONVERSION = YES;
				CLANG_WARN_CONSTANT_CONVERSION = YES;
				CLANG_WARN_DIRECT_OBJC_ISA_USAGE = YES_ERROR;
				CLANG_WARN_EMPTY_BODY = YES;
				CLANG_WARN_ENUM_CONVERSION = YES;
				CLANG_WARN_INFINITE_RECURSION = YES;
				CLANG_WARN_INT_CONVERSION = YES;
				CLANG_WARN_OBJC_ROOT_CLASS = YES_ERROR;
				CLANG_WARN_SUSPICIOUS_MOVE = YES;
				CLANG_WARN_UNREACHABLE_CODE = YES;
				CLANG_WARN__DUPLICATE_METHOD_MATCH = YES;
				"CODE_SIGN_IDENTITY[sdk=iphoneos*]" = "";
				COPY_PHASE_STRIP = NO;
				CURRENT_PROJECT_VERSION = 4;
				DEBUG_INFORMATION_FORMAT = dwarf;
				ENABLE_STRICT_OBJC_MSGSEND = YES;
				ENABLE_TESTABILITY = YES;
				GCC_C_LANGUAGE_STANDARD = gnu99;
				GCC_DYNAMIC_NO_PIC = NO;
				GCC_NO_COMMON_BLOCKS = YES;
				GCC_OPTIMIZATION_LEVEL = 0;
				GCC_PREPROCESSOR_DEFINITIONS = (
					"DEBUG=1",
					"$(inherited)",
				);
				GCC_SYMBOLS_PRIVATE_EXTERN = NO;
				GCC_WARN_64_TO_32_BIT_CONVERSION = YES;
				GCC_WARN_ABOUT_RETURN_TYPE = YES_ERROR;
				GCC_WARN_UNDECLARED_SELECTOR = YES;
				GCC_WARN_UNINITIALIZED_AUTOS = YES_AGGRESSIVE;
				GCC_WARN_UNUSED_FUNCTION = YES;
				GCC_WARN_UNUSED_VARIABLE = YES;
				IPHONEOS_DEPLOYMENT_TARGET = 8.0;
				ONLY_ACTIVE_ARCH = YES;
				SDKROOT = iphoneos;
				SWIFT_OPTIMIZATION_LEVEL = "-Onone";
				TARGETED_DEVICE_FAMILY = "1,2";
				VERSIONING_SYSTEM = "apple-generic";
			};
			name = Debug;
		};
		4E3A683DB549D1FE27A8AD81 /* Release */ = {
			isa = XCBuildConfiguration;
			baseConfigurationReference = 4638F9198D2D80EE96DB9F6F /* Pods-MKHValidatableValue.release.xcconfig */;
			buildSettings = {
				"CODE_SIGN_IDENTITY[sdk=iphoneos*]" = "";
				CURRENT_PROJECT_VERSION = 4;
				DEBUG_INFORMATION_FORMAT = "dwarf-with-dsym";
				DEFINES_MODULE = YES;
				DEVELOPMENT_TEAM = UJA88X59XP;
				DYLIB_COMPATIBILITY_VERSION = 1;
				DYLIB_CURRENT_VERSION = 4;
				DYLIB_INSTALL_NAME_BASE = "@rpath";
				ENABLE_STRICT_OBJC_MSGSEND = YES;
				GCC_NO_COMMON_BLOCKS = YES;
				INFOPLIST_FILE = Info/MKHValidatableValue.plist;
				INSTALL_PATH = "$(LOCAL_LIBRARY_DIR)/Frameworks";
				IPHONEOS_DEPLOYMENT_TARGET = 8.0;
				LD_RUNPATH_SEARCH_PATHS = "$(inherited) @executable_path/Frameworks @loader_path/Frameworks";
				MTL_ENABLE_DEBUG_INFO = NO;
				PRODUCT_BUNDLE_IDENTIFIER = khatskevich.maxim.MKHValidatableValue;
				PRODUCT_NAME = "$(TARGET_NAME)";
				SDKROOT = iphoneos;
				SKIP_INSTALL = YES;
				SWIFT_VERSION = 3.0;
				TARGETED_DEVICE_FAMILY = "1,2";
				VERSIONING_SYSTEM = "apple-generic";
				VERSION_INFO_PREFIX = "";
			};
			name = Release;
		};
		6520921EDDF81F30386B1C4D /* Debug */ = {
			isa = XCBuildConfiguration;
			buildSettings = {
				"CODE_SIGN_IDENTITY[sdk=iphoneos*]" = "";
				DEBUG_INFORMATION_FORMAT = dwarf;
				DEVELOPMENT_TEAM = UJA88X59XP;
				ENABLE_STRICT_OBJC_MSGSEND = YES;
				GCC_NO_COMMON_BLOCKS = YES;
				INFOPLIST_FILE = Info/MKHValidatableValueTst.plist;
				IPHONEOS_DEPLOYMENT_TARGET = 8.0;
				LD_RUNPATH_SEARCH_PATHS = "$(inherited) @executable_path/Frameworks @loader_path/Frameworks";
				MTL_ENABLE_DEBUG_INFO = YES;
				PRODUCT_BUNDLE_IDENTIFIER = khatskevich.maxim.MKHValidatableValueTst;
				PRODUCT_NAME = "$(TARGET_NAME)";
				SDKROOT = iphoneos;
				SWIFT_OPTIMIZATION_LEVEL = "-Onone";
				SWIFT_VERSION = 3.0;
			};
			name = Debug;
		};
		86D5DA5544A5196CA9A5730C /* Release */ = {
			isa = XCBuildConfiguration;
			buildSettings = {
				"CODE_SIGN_IDENTITY[sdk=iphoneos*]" = "";
				DEBUG_INFORMATION_FORMAT = "dwarf-with-dsym";
				DEVELOPMENT_TEAM = UJA88X59XP;
				ENABLE_STRICT_OBJC_MSGSEND = YES;
				GCC_NO_COMMON_BLOCKS = YES;
				INFOPLIST_FILE = Info/MKHValidatableValueTst.plist;
				IPHONEOS_DEPLOYMENT_TARGET = 8.0;
				LD_RUNPATH_SEARCH_PATHS = "$(inherited) @executable_path/Frameworks @loader_path/Frameworks";
				MTL_ENABLE_DEBUG_INFO = NO;
				PRODUCT_BUNDLE_IDENTIFIER = khatskevich.maxim.MKHValidatableValueTst;
				PRODUCT_NAME = "$(TARGET_NAME)";
				SDKROOT = iphoneos;
				SWIFT_VERSION = 3.0;
			};
			name = Release;
		};
		B5A6A268124B8F5360B10A13 /* Release */ = {
			isa = XCBuildConfiguration;
			buildSettings = {
				ALWAYS_SEARCH_USER_PATHS = NO;
				CLANG_ANALYZER_NONNULL = YES;
				CLANG_CXX_LANGUAGE_STANDARD = "gnu++0x";
				CLANG_CXX_LIBRARY = "libc++";
				CLANG_ENABLE_MODULES = YES;
				CLANG_ENABLE_OBJC_ARC = YES;
				CLANG_WARN_BOOL_CONVERSION = YES;
				CLANG_WARN_CONSTANT_CONVERSION = YES;
				CLANG_WARN_DIRECT_OBJC_ISA_USAGE = YES_ERROR;
				CLANG_WARN_EMPTY_BODY = YES;
				CLANG_WARN_ENUM_CONVERSION = YES;
				CLANG_WARN_INFINITE_RECURSION = YES;
				CLANG_WARN_INT_CONVERSION = YES;
				CLANG_WARN_OBJC_ROOT_CLASS = YES_ERROR;
				CLANG_WARN_SUSPICIOUS_MOVE = YES;
				CLANG_WARN_UNREACHABLE_CODE = YES;
				CLANG_WARN__DUPLICATE_METHOD_MATCH = YES;
				"CODE_SIGN_IDENTITY[sdk=iphoneos*]" = "";
				COPY_PHASE_STRIP = YES;
				CURRENT_PROJECT_VERSION = 4;
				DEBUG_INFORMATION_FORMAT = "dwarf-with-dsym";
				ENABLE_NS_ASSERTIONS = NO;
				ENABLE_STRICT_OBJC_MSGSEND = YES;
				GCC_C_LANGUAGE_STANDARD = gnu99;
				GCC_NO_COMMON_BLOCKS = YES;
				GCC_WARN_64_TO_32_BIT_CONVERSION = YES;
				GCC_WARN_ABOUT_RETURN_TYPE = YES_ERROR;
				GCC_WARN_UNDECLARED_SELECTOR = YES;
				GCC_WARN_UNINITIALIZED_AUTOS = YES_AGGRESSIVE;
				GCC_WARN_UNUSED_FUNCTION = YES;
				GCC_WARN_UNUSED_VARIABLE = YES;
				IPHONEOS_DEPLOYMENT_TARGET = 8.0;
				SDKROOT = iphoneos;
				SWIFT_OPTIMIZATION_LEVEL = "-Owholemodule";
				TARGETED_DEVICE_FAMILY = "1,2";
				VALIDATE_PRODUCT = YES;
				VERSIONING_SYSTEM = "apple-generic";
			};
			name = Release;
		};
		C3B5F8943AB161225DFAEA31 /* Debug */ = {
			isa = XCBuildConfiguration;
			baseConfigurationReference = B7F52C3EC6232FD114B09FE3 /* Pods-MKHValidatableValue.debug.xcconfig */;
			buildSettings = {
				"CODE_SIGN_IDENTITY[sdk=iphoneos*]" = "";
				CURRENT_PROJECT_VERSION = 4;
				DEBUG_INFORMATION_FORMAT = dwarf;
				DEFINES_MODULE = YES;
				DEVELOPMENT_TEAM = UJA88X59XP;
				DYLIB_COMPATIBILITY_VERSION = 1;
				DYLIB_CURRENT_VERSION = 4;
				DYLIB_INSTALL_NAME_BASE = "@rpath";
				ENABLE_STRICT_OBJC_MSGSEND = YES;
				GCC_NO_COMMON_BLOCKS = YES;
				INFOPLIST_FILE = Info/MKHValidatableValue.plist;
				INSTALL_PATH = "$(LOCAL_LIBRARY_DIR)/Frameworks";
				IPHONEOS_DEPLOYMENT_TARGET = 8.0;
				LD_RUNPATH_SEARCH_PATHS = "$(inherited) @executable_path/Frameworks @loader_path/Frameworks";
				MTL_ENABLE_DEBUG_INFO = YES;
				PRODUCT_BUNDLE_IDENTIFIER = khatskevich.maxim.MKHValidatableValue;
				PRODUCT_NAME = "$(TARGET_NAME)";
				SDKROOT = iphoneos;
				SKIP_INSTALL = YES;
				SWIFT_OPTIMIZATION_LEVEL = "-Onone";
				SWIFT_VERSION = 3.0;
				TARGETED_DEVICE_FAMILY = "1,2";
				VERSIONING_SYSTEM = "apple-generic";
				VERSION_INFO_PREFIX = "";
			};
			name = Debug;
		};
/* End XCBuildConfiguration section */

/* Begin XCConfigurationList section */
		298F25B971F398E6308C9788 /* Build configuration list for PBXNativeTarget "MKHValidatableValueTst" */ = {
			isa = XCConfigurationList;
			buildConfigurations = (
				6520921EDDF81F30386B1C4D /* Debug */,
				86D5DA5544A5196CA9A5730C /* Release */,
			);
			defaultConfigurationIsVisible = 0;
			defaultConfigurationName = Release;
		};
		2E1ED7AB39EC8AF3779B3A4D /* Build configuration list for PBXNativeTarget "MKHValidatableValue" */ = {
			isa = XCConfigurationList;
			buildConfigurations = (
				C3B5F8943AB161225DFAEA31 /* Debug */,
				4E3A683DB549D1FE27A8AD81 /* Release */,
			);
			defaultConfigurationIsVisible = 0;
			defaultConfigurationName = Release;
		};
		54E6795CC2151BB9A7575724 /* Build configuration list for PBXProject "MKHValidatableValue" */ = {
			isa = XCConfigurationList;
			buildConfigurations = (
				3B9F3C2BFB879B3B151F9CBC /* Debug */,
				B5A6A268124B8F5360B10A13 /* Release */,
			);
			defaultConfigurationIsVisible = 0;
			defaultConfigurationName = Release;
		};
/* End XCConfigurationList section */
	};
	rootObject = F8C87EA2300D5579E09ADE30 /* Project object */;
}
