// !$*UTF8*$!
{
	archiveVersion = 1;
	classes = {
	};
	objectVersion = 46;
	objects = {

/* Begin PBXBuildFile section */
		0A7D462EFFB2784F10B354BF /* Foundation.framework in Frameworks */ = {isa = PBXBuildFile; fileRef = C3D0105507A534C47A7B35D8 /* Foundation.framework */; };
		44DFCFC7426487840C33657F /* Pods_Fwk.framework in Frameworks */ = {isa = PBXBuildFile; fileRef = A2F72B8EB9CC422FFD841FD3 /* Pods_Fwk.framework */; };
		927C14C6143FA2B19E366D09 /* Errors.swift in Sources */ = {isa = PBXBuildFile; fileRef = 62F791557D101E81B3C45CAD /* Errors.swift */; };
		9415FE381F4A27FC0077E798 /* AutoValidatable.swift in Sources */ = {isa = PBXBuildFile; fileRef = 9415FE371F4A27FC0077E798 /* AutoValidatable.swift */; };
		941FD25720E2ECCE00F96493 /* Entity+AutoReporting.swift in Sources */ = {isa = PBXBuildFile; fileRef = 941FD25620E2ECCE00F96493 /* Entity+AutoReporting.swift */; };
		941FD25920E2F14400F96493 /* EntityTests.swift in Sources */ = {isa = PBXBuildFile; fileRef = 941FD25820E2F14400F96493 /* EntityTests.swift */; };
		941FD25B20E2F1D600F96493 /* WrapperTests.swift in Sources */ = {isa = PBXBuildFile; fileRef = 941FD25A20E2F1D600F96493 /* WrapperTests.swift */; };
		941FD25D20E2F22C00F96493 /* SpecTests.swift in Sources */ = {isa = PBXBuildFile; fileRef = 941FD25C20E2F22C00F96493 /* SpecTests.swift */; };
		9423BA4F20E2CE24001B8AB5 /* AutoDisplayNamed.swift in Sources */ = {isa = PBXBuildFile; fileRef = 9423BA4E20E2CE24001B8AB5 /* AutoDisplayNamed.swift */; };
		9423BA5120E2CF6F001B8AB5 /* Spec+AutoDisplayNamed.swift in Sources */ = {isa = PBXBuildFile; fileRef = 9423BA5020E2CF6F001B8AB5 /* Spec+AutoDisplayNamed.swift */; };
		942AFD9B20E17AF40028E84B /* Wrapper_Mandatory.swift in Sources */ = {isa = PBXBuildFile; fileRef = 942AFD9A20E17AF40028E84B /* Wrapper_Mandatory.swift */; };
		942AFDA020E17D720028E84B /* Wrapper_SingleValueCodable.swift in Sources */ = {isa = PBXBuildFile; fileRef = 942AFD9F20E17D720028E84B /* Wrapper_SingleValueCodable.swift */; };
		942AFDAF20E19EFC0028E84B /* Wrapper_WithSpecification.swift in Sources */ = {isa = PBXBuildFile; fileRef = 942AFDAE20E19EFC0028E84B /* Wrapper_WithSpecification.swift */; };
		943D83B420E2D94800479C33 /* Wrapper+AutoDisplayNamed.swift in Sources */ = {isa = PBXBuildFile; fileRef = 943D83B320E2D94800479C33 /* Wrapper+AutoDisplayNamed.swift */; };
		943EA2A220CF3CD0006CF016 /* Initializers.swift in Sources */ = {isa = PBXBuildFile; fileRef = 943EA2A120CF3CD0006CF016 /* Initializers.swift */; };
		9444F44D20E4409E0024A443 /* Optional+Validatable&ValueWrapper.swift in Sources */ = {isa = PBXBuildFile; fileRef = 9444F44C20E4409E0024A443 /* Optional+Validatable&ValueWrapper.swift */; };
		9459A04620CF006900D4F644 /* Wrapper.swift in Sources */ = {isa = PBXBuildFile; fileRef = 9459A04520CF006900D4F644 /* Wrapper.swift */; };
		9467E9FA20E43CB3008E30AE /* Optional+ValidatableValueWrapper.swift in Sources */ = {isa = PBXBuildFile; fileRef = 9467E9F920E43CB3008E30AE /* Optional+ValidatableValueWrapper.swift */; };
		9478827E20E42C970071D4CB /* Optional+DisplayNamed.swift in Sources */ = {isa = PBXBuildFile; fileRef = 9478827D20E42C970071D4CB /* Optional+DisplayNamed.swift */; };
		9478828220E42EAE0071D4CB /* SupportForOptionalTests.swift in Sources */ = {isa = PBXBuildFile; fileRef = 9478828120E42EAE0071D4CB /* SupportForOptionalTests.swift */; };
		949B409F20D466D40043CAB3 /* Utils.swift in Sources */ = {isa = PBXBuildFile; fileRef = 949B409E20D466D40043CAB3 /* Utils.swift */; };
		94ABCC3520E132DE007187DC /* Spec+AutoReporting.swift in Sources */ = {isa = PBXBuildFile; fileRef = 94ABCC3420E132DE007187DC /* Spec+AutoReporting.swift */; };
		94ABCC3720E1330A007187DC /* Spec_NoConditions.swift in Sources */ = {isa = PBXBuildFile; fileRef = 94ABCC3620E1330A007187DC /* Spec_NoConditions.swift */; };
		94ABCC4720E13A7C007187DC /* Optional+ValueWrapper.swift in Sources */ = {isa = PBXBuildFile; fileRef = 94ABCC4620E13A7C007187DC /* Optional+ValueWrapper.swift */; };
		94BAA99320E3DE9F00BA6C6F /* Wrapper+Validatable.swift in Sources */ = {isa = PBXBuildFile; fileRef = 94BAA99220E3DE9F00BA6C6F /* Wrapper+Validatable.swift */; };
		94BAA99520E3FF6400BA6C6F /* AutoReporting.swift in Sources */ = {isa = PBXBuildFile; fileRef = 94BAA99420E3FF6400BA6C6F /* AutoReporting.swift */; };
		94BAA99820E40AD700BA6C6F /* ValidatableWrapper.swift in Sources */ = {isa = PBXBuildFile; fileRef = 94BAA99720E40AD700BA6C6F /* ValidatableWrapper.swift */; };
		94BAA99A20E40BEE00BA6C6F /* ValidatableWrapper_AutoValidValue.swift in Sources */ = {isa = PBXBuildFile; fileRef = 94BAA99920E40BEE00BA6C6F /* ValidatableWrapper_AutoValidValue.swift */; };
		94C712B820E1526900A737E3 /* Optional+Validatable.swift in Sources */ = {isa = PBXBuildFile; fileRef = 94C712B720E1526900A737E3 /* Optional+Validatable.swift */; };
		94DFD07020E2F35700DDFC1A /* Entity+AutoValidatable.swift in Sources */ = {isa = PBXBuildFile; fileRef = 94DFD06F20E2F35700DDFC1A /* Entity+AutoValidatable.swift */; };
		94DFD07420E3993B00DDFC1A /* Trait.swift in Sources */ = {isa = PBXBuildFile; fileRef = 94DFD07320E3993B00DDFC1A /* Trait.swift */; };
		94DFD07620E3A1C300DDFC1A /* Validatable.swift in Sources */ = {isa = PBXBuildFile; fileRef = 94DFD07520E3A1C300DDFC1A /* Validatable.swift */; };
		94DFD07820E3A26200DDFC1A /* DisplayNamed.swift in Sources */ = {isa = PBXBuildFile; fileRef = 94DFD07720E3A26200DDFC1A /* DisplayNamed.swift */; };
		94DFD07A20E3A46B00DDFC1A /* Wrapper+Spec&AutoValidatable.swift in Sources */ = {isa = PBXBuildFile; fileRef = 94DFD07920E3A46B00DDFC1A /* Wrapper+Spec&AutoValidatable.swift */; };
		94E7EC1920C03A7A00132570 /* Condition.swift in Sources */ = {isa = PBXBuildFile; fileRef = 94E7EC1820C03A7A00132570 /* Condition.swift */; };
		94E7EC1B20C09AE300132570 /* Entity.swift in Sources */ = {isa = PBXBuildFile; fileRef = 94E7EC1A20C09AE300132570 /* Entity.swift */; };
		94E83BDB20D7B041001D3512 /* ReportReview.swift in Sources */ = {isa = PBXBuildFile; fileRef = 94E83BDA20D7B041001D3512 /* ReportReview.swift */; };
		94E83BDD20D7B13F001D3512 /* BoolFlag.swift in Sources */ = {isa = PBXBuildFile; fileRef = 94E83BDC20D7B13F001D3512 /* BoolFlag.swift */; };
		94EB1E3A20E27A90007369BA /* Spec_SkipBuiltInValidation.swift in Sources */ = {isa = PBXBuildFile; fileRef = 94EB1E3920E27A90007369BA /* Spec_SkipBuiltInValidation.swift */; };
		94EC8C4320D477A9005D9A98 /* Spec.swift in Sources */ = {isa = PBXBuildFile; fileRef = 94EC8C4220D477A9005D9A98 /* Spec.swift */; };
		94FA37DC20E2389B00144EE6 /* BuiltInWrappers.swift in Sources */ = {isa = PBXBuildFile; fileRef = 94FA37DB20E2389B00144EE6 /* BuiltInWrappers.swift */; };
		94FE243020E2EA3A000C46F9 /* Entity+AutoDisplayNamed.swift in Sources */ = {isa = PBXBuildFile; fileRef = 94FE242F20E2EA3A000C46F9 /* Entity+AutoDisplayNamed.swift */; };
		94FE64D220E41F250097F80D /* Spec_BasicValue.swift in Sources */ = {isa = PBXBuildFile; fileRef = 94FE64D120E41F250097F80D /* Spec_BasicValue.swift */; };
		94FE64D420E4277F0097F80D /* Entity_BasicEntity.swift in Sources */ = {isa = PBXBuildFile; fileRef = 94FE64D320E4277F0097F80D /* Entity_BasicEntity.swift */; };
		94FF816F20C0079D00E69904 /* Operators.swift in Sources */ = {isa = PBXBuildFile; fileRef = 94FF816E20C0079D00E69904 /* Operators.swift */; };
		CE08A8A84031005AC337383C /* Foundation.framework in Frameworks */ = {isa = PBXBuildFile; fileRef = C3D0105507A534C47A7B35D8 /* Foundation.framework */; };
		D7DF6AFF94EE3A04EC1C53BE /* Old.swift in Sources */ = {isa = PBXBuildFile; fileRef = C625FCC032665EB3551BBED9 /* Old.swift */; };
		E4A9D7B238786669E01E3312 /* User.swift in Sources */ = {isa = PBXBuildFile; fileRef = 44E62350DBEA821F9F23C0BD /* User.swift */; };
		FC63A299AB332C5EB0AAA111 /* Pods_Tests.framework in Frameworks */ = {isa = PBXBuildFile; fileRef = EC1247A0B5D87FF7FF944B76 /* Pods_Tests.framework */; };
/* End PBXBuildFile section */

/* Begin PBXContainerItemProxy section */
		443EACB9629C4381172476E5 /* PBXContainerItemProxy */ = {
			isa = PBXContainerItemProxy;
			containerPortal = 6936A00AAE224C35D55ED993 /* Project object */;
			proxyType = 1;
			remoteGlobalIDString = 96EB74C3D3EF6CD7D96422CB;
			remoteInfo = Fwk;
		};
/* End PBXContainerItemProxy section */

/* Begin PBXCopyFilesBuildPhase section */
		1ABD69FDE56A02FAFF2F28A3 /* Embed Frameworks */ = {
			isa = PBXCopyFilesBuildPhase;
			buildActionMask = 2147483647;
			dstPath = "";
			dstSubfolderSpec = 10;
			files = (
			);
			name = "Embed Frameworks";
			runOnlyForDeploymentPostprocessing = 0;
		};
		4DF4C4544292BCB013F2529B /* Embed Frameworks */ = {
			isa = PBXCopyFilesBuildPhase;
			buildActionMask = 2147483647;
			dstPath = "";
			dstSubfolderSpec = 10;
			files = (
			);
			name = "Embed Frameworks";
			runOnlyForDeploymentPostprocessing = 0;
		};
/* End PBXCopyFilesBuildPhase section */

/* Begin PBXFileReference section */
		343B09A0D2E9085C310918BD /* Pods-Fwk.debug.xcconfig */ = {isa = PBXFileReference; includeInIndex = 1; lastKnownFileType = text.xcconfig; name = "Pods-Fwk.debug.xcconfig"; path = "Pods/Target Support Files/Pods-Fwk/Pods-Fwk.debug.xcconfig"; sourceTree = "<group>"; };
		44E62350DBEA821F9F23C0BD /* User.swift */ = {isa = PBXFileReference; includeInIndex = 1; lastKnownFileType = sourcecode.swift; path = User.swift; sourceTree = "<group>"; };
		62F791557D101E81B3C45CAD /* Errors.swift */ = {isa = PBXFileReference; includeInIndex = 1; lastKnownFileType = sourcecode.swift; path = Errors.swift; sourceTree = "<group>"; };
		9415FE371F4A27FC0077E798 /* AutoValidatable.swift */ = {isa = PBXFileReference; lastKnownFileType = sourcecode.swift; path = AutoValidatable.swift; sourceTree = "<group>"; };
		941FD25620E2ECCE00F96493 /* Entity+AutoReporting.swift */ = {isa = PBXFileReference; lastKnownFileType = sourcecode.swift; path = "Entity+AutoReporting.swift"; sourceTree = "<group>"; };
		941FD25820E2F14400F96493 /* EntityTests.swift */ = {isa = PBXFileReference; lastKnownFileType = sourcecode.swift; path = EntityTests.swift; sourceTree = "<group>"; };
		941FD25A20E2F1D600F96493 /* WrapperTests.swift */ = {isa = PBXFileReference; lastKnownFileType = sourcecode.swift; path = WrapperTests.swift; sourceTree = "<group>"; };
		941FD25C20E2F22C00F96493 /* SpecTests.swift */ = {isa = PBXFileReference; lastKnownFileType = sourcecode.swift; path = SpecTests.swift; sourceTree = "<group>"; };
		9423BA4E20E2CE24001B8AB5 /* AutoDisplayNamed.swift */ = {isa = PBXFileReference; lastKnownFileType = sourcecode.swift; path = AutoDisplayNamed.swift; sourceTree = "<group>"; };
		9423BA5020E2CF6F001B8AB5 /* Spec+AutoDisplayNamed.swift */ = {isa = PBXFileReference; lastKnownFileType = sourcecode.swift; path = "Spec+AutoDisplayNamed.swift"; sourceTree = "<group>"; };
		942AFD9A20E17AF40028E84B /* Wrapper_Mandatory.swift */ = {isa = PBXFileReference; lastKnownFileType = sourcecode.swift; path = Wrapper_Mandatory.swift; sourceTree = "<group>"; };
		942AFD9F20E17D720028E84B /* Wrapper_SingleValueCodable.swift */ = {isa = PBXFileReference; lastKnownFileType = sourcecode.swift; path = Wrapper_SingleValueCodable.swift; sourceTree = "<group>"; };
		942AFDAE20E19EFC0028E84B /* Wrapper_WithSpecification.swift */ = {isa = PBXFileReference; lastKnownFileType = sourcecode.swift; path = Wrapper_WithSpecification.swift; sourceTree = "<group>"; };
		943D83B320E2D94800479C33 /* Wrapper+AutoDisplayNamed.swift */ = {isa = PBXFileReference; lastKnownFileType = sourcecode.swift; path = "Wrapper+AutoDisplayNamed.swift"; sourceTree = "<group>"; };
		943EA2A120CF3CD0006CF016 /* Initializers.swift */ = {isa = PBXFileReference; lastKnownFileType = sourcecode.swift; path = Initializers.swift; sourceTree = "<group>"; };
		9444F44C20E4409E0024A443 /* Optional+Validatable&ValueWrapper.swift */ = {isa = PBXFileReference; lastKnownFileType = sourcecode.swift; path = "Optional+Validatable&ValueWrapper.swift"; sourceTree = "<group>"; };
		9459A04520CF006900D4F644 /* Wrapper.swift */ = {isa = PBXFileReference; lastKnownFileType = sourcecode.swift; path = Wrapper.swift; sourceTree = "<group>"; };
		9467E9F920E43CB3008E30AE /* Optional+ValidatableValueWrapper.swift */ = {isa = PBXFileReference; lastKnownFileType = sourcecode.swift; path = "Optional+ValidatableValueWrapper.swift"; sourceTree = "<group>"; };
		9478827D20E42C970071D4CB /* Optional+DisplayNamed.swift */ = {isa = PBXFileReference; lastKnownFileType = sourcecode.swift; path = "Optional+DisplayNamed.swift"; sourceTree = "<group>"; };
		9478828120E42EAE0071D4CB /* SupportForOptionalTests.swift */ = {isa = PBXFileReference; lastKnownFileType = sourcecode.swift; path = SupportForOptionalTests.swift; sourceTree = "<group>"; };
		949B409E20D466D40043CAB3 /* Utils.swift */ = {isa = PBXFileReference; lastKnownFileType = sourcecode.swift; path = Utils.swift; sourceTree = "<group>"; };
		94ABCC3420E132DE007187DC /* Spec+AutoReporting.swift */ = {isa = PBXFileReference; lastKnownFileType = sourcecode.swift; path = "Spec+AutoReporting.swift"; sourceTree = "<group>"; };
		94ABCC3620E1330A007187DC /* Spec_NoConditions.swift */ = {isa = PBXFileReference; lastKnownFileType = sourcecode.swift; path = Spec_NoConditions.swift; sourceTree = "<group>"; };
		94ABCC4620E13A7C007187DC /* Optional+ValueWrapper.swift */ = {isa = PBXFileReference; lastKnownFileType = sourcecode.swift; path = "Optional+ValueWrapper.swift"; sourceTree = "<group>"; };
		94BAA99220E3DE9F00BA6C6F /* Wrapper+Validatable.swift */ = {isa = PBXFileReference; lastKnownFileType = sourcecode.swift; path = "Wrapper+Validatable.swift"; sourceTree = "<group>"; };
		94BAA99420E3FF6400BA6C6F /* AutoReporting.swift */ = {isa = PBXFileReference; lastKnownFileType = sourcecode.swift; path = AutoReporting.swift; sourceTree = "<group>"; };
		94BAA99720E40AD700BA6C6F /* ValidatableWrapper.swift */ = {isa = PBXFileReference; lastKnownFileType = sourcecode.swift; path = ValidatableWrapper.swift; sourceTree = "<group>"; };
		94BAA99920E40BEE00BA6C6F /* ValidatableWrapper_AutoValidValue.swift */ = {isa = PBXFileReference; lastKnownFileType = sourcecode.swift; path = ValidatableWrapper_AutoValidValue.swift; sourceTree = "<group>"; };
		94C712B720E1526900A737E3 /* Optional+Validatable.swift */ = {isa = PBXFileReference; lastKnownFileType = sourcecode.swift; path = "Optional+Validatable.swift"; sourceTree = "<group>"; };
		94DFD06F20E2F35700DDFC1A /* Entity+AutoValidatable.swift */ = {isa = PBXFileReference; lastKnownFileType = sourcecode.swift; path = "Entity+AutoValidatable.swift"; sourceTree = "<group>"; };
		94DFD07320E3993B00DDFC1A /* Trait.swift */ = {isa = PBXFileReference; lastKnownFileType = sourcecode.swift; path = Trait.swift; sourceTree = "<group>"; };
		94DFD07520E3A1C300DDFC1A /* Validatable.swift */ = {isa = PBXFileReference; lastKnownFileType = sourcecode.swift; path = Validatable.swift; sourceTree = "<group>"; };
		94DFD07720E3A26200DDFC1A /* DisplayNamed.swift */ = {isa = PBXFileReference; lastKnownFileType = sourcecode.swift; path = DisplayNamed.swift; sourceTree = "<group>"; };
		94DFD07920E3A46B00DDFC1A /* Wrapper+Spec&AutoValidatable.swift */ = {isa = PBXFileReference; lastKnownFileType = sourcecode.swift; path = "Wrapper+Spec&AutoValidatable.swift"; sourceTree = "<group>"; };
		94E7EC1820C03A7A00132570 /* Condition.swift */ = {isa = PBXFileReference; lastKnownFileType = sourcecode.swift; path = Condition.swift; sourceTree = "<group>"; };
		94E7EC1A20C09AE300132570 /* Entity.swift */ = {isa = PBXFileReference; fileEncoding = 4; lastKnownFileType = sourcecode.swift; path = Entity.swift; sourceTree = "<group>"; };
		94E83BDA20D7B041001D3512 /* ReportReview.swift */ = {isa = PBXFileReference; lastKnownFileType = sourcecode.swift; path = ReportReview.swift; sourceTree = "<group>"; };
		94E83BDC20D7B13F001D3512 /* BoolFlag.swift */ = {isa = PBXFileReference; lastKnownFileType = sourcecode.swift; path = BoolFlag.swift; sourceTree = "<group>"; };
		94EB1E3920E27A90007369BA /* Spec_SkipBuiltInValidation.swift */ = {isa = PBXFileReference; lastKnownFileType = sourcecode.swift; path = Spec_SkipBuiltInValidation.swift; sourceTree = "<group>"; };
		94EC8C4220D477A9005D9A98 /* Spec.swift */ = {isa = PBXFileReference; lastKnownFileType = sourcecode.swift; path = Spec.swift; sourceTree = "<group>"; };
		94FA37DB20E2389B00144EE6 /* BuiltInWrappers.swift */ = {isa = PBXFileReference; lastKnownFileType = sourcecode.swift; path = BuiltInWrappers.swift; sourceTree = "<group>"; };
		94FE242F20E2EA3A000C46F9 /* Entity+AutoDisplayNamed.swift */ = {isa = PBXFileReference; lastKnownFileType = sourcecode.swift; path = "Entity+AutoDisplayNamed.swift"; sourceTree = "<group>"; };
		94FE64D120E41F250097F80D /* Spec_BasicValue.swift */ = {isa = PBXFileReference; lastKnownFileType = sourcecode.swift; path = Spec_BasicValue.swift; sourceTree = "<group>"; };
		94FE64D320E4277F0097F80D /* Entity_BasicEntity.swift */ = {isa = PBXFileReference; lastKnownFileType = sourcecode.swift; path = Entity_BasicEntity.swift; sourceTree = "<group>"; };
		94FF816E20C0079D00E69904 /* Operators.swift */ = {isa = PBXFileReference; lastKnownFileType = sourcecode.swift; path = Operators.swift; sourceTree = "<group>"; };
		A2F72B8EB9CC422FFD841FD3 /* Pods_Fwk.framework */ = {isa = PBXFileReference; explicitFileType = wrapper.framework; includeInIndex = 0; path = Pods_Fwk.framework; sourceTree = BUILT_PRODUCTS_DIR; };
		B8563FF7D888D8C7E2835F20 /* Pods-Fwk.release.xcconfig */ = {isa = PBXFileReference; includeInIndex = 1; lastKnownFileType = text.xcconfig; name = "Pods-Fwk.release.xcconfig"; path = "Pods/Target Support Files/Pods-Fwk/Pods-Fwk.release.xcconfig"; sourceTree = "<group>"; };
		C3D0105507A534C47A7B35D8 /* Foundation.framework */ = {isa = PBXFileReference; lastKnownFileType = wrapper.framework; name = Foundation.framework; path = Platforms/iPhoneOS.platform/Developer/SDKs/iPhoneOS10.3.sdk/System/Library/Frameworks/Foundation.framework; sourceTree = DEVELOPER_DIR; };
		C625FCC032665EB3551BBED9 /* Old.swift */ = {isa = PBXFileReference; includeInIndex = 1; lastKnownFileType = sourcecode.swift; path = Old.swift; sourceTree = "<group>"; };
		D4BD43E935968D65787899B1 /* Pods-Tests.debug.xcconfig */ = {isa = PBXFileReference; includeInIndex = 1; lastKnownFileType = text.xcconfig; name = "Pods-Tests.debug.xcconfig"; path = "Pods/Target Support Files/Pods-Tests/Pods-Tests.debug.xcconfig"; sourceTree = "<group>"; };
		DCD82093FB94C61BC5522514 /* XCEValidatableValue.framework */ = {isa = PBXFileReference; explicitFileType = wrapper.framework; includeInIndex = 0; path = XCEValidatableValue.framework; sourceTree = BUILT_PRODUCTS_DIR; };
		EC1247A0B5D87FF7FF944B76 /* Pods_Tests.framework */ = {isa = PBXFileReference; explicitFileType = wrapper.framework; includeInIndex = 0; path = Pods_Tests.framework; sourceTree = BUILT_PRODUCTS_DIR; };
		F1F68A8A5AA5C9053CA1C3C4 /* Tests.xctest */ = {isa = PBXFileReference; explicitFileType = wrapper.cfbundle; includeInIndex = 0; path = Tests.xctest; sourceTree = BUILT_PRODUCTS_DIR; };
		FC2C9BD3784D57AE7D3BC032 /* Pods-Tests.release.xcconfig */ = {isa = PBXFileReference; includeInIndex = 1; lastKnownFileType = text.xcconfig; name = "Pods-Tests.release.xcconfig"; path = "Pods/Target Support Files/Pods-Tests/Pods-Tests.release.xcconfig"; sourceTree = "<group>"; };
/* End PBXFileReference section */

/* Begin PBXFrameworksBuildPhase section */
		247C881A946FB5AB8DB0D05B /* Frameworks */ = {
			isa = PBXFrameworksBuildPhase;
			buildActionMask = 2147483647;
			files = (
				0A7D462EFFB2784F10B354BF /* Foundation.framework in Frameworks */,
				44DFCFC7426487840C33657F /* Pods_Fwk.framework in Frameworks */,
			);
			runOnlyForDeploymentPostprocessing = 0;
		};
		BA0FF7E9FA302AEA3C4AB265 /* Frameworks */ = {
			isa = PBXFrameworksBuildPhase;
			buildActionMask = 2147483647;
			files = (
				CE08A8A84031005AC337383C /* Foundation.framework in Frameworks */,
				FC63A299AB332C5EB0AAA111 /* Pods_Tests.framework in Frameworks */,
			);
			runOnlyForDeploymentPostprocessing = 0;
		};
/* End PBXFrameworksBuildPhase section */

/* Begin PBXGroup section */
		0B92EC00F03567B97E5DC38B /* iOS */ = {
			isa = PBXGroup;
			children = (
				C3D0105507A534C47A7B35D8 /* Foundation.framework */,
			);
			name = iOS;
			sourceTree = "<group>";
		};
		2F204ED390FFBE1998B0E55D /* Tests */ = {
			isa = PBXGroup;
			children = (
				941FD25C20E2F22C00F96493 /* SpecTests.swift */,
				941FD25A20E2F1D600F96493 /* WrapperTests.swift */,
				941FD25820E2F14400F96493 /* EntityTests.swift */,
				9478828120E42EAE0071D4CB /* SupportForOptionalTests.swift */,
				FC4EC50B733BBE8B1004027E /* OLD */,
			);
			path = Tests;
			sourceTree = SOURCE_ROOT;
		};
		602094E624CC822B0063A5E0 /* Products */ = {
			isa = PBXGroup;
			children = (
				DCD82093FB94C61BC5522514 /* XCEValidatableValue.framework */,
				F1F68A8A5AA5C9053CA1C3C4 /* Tests.xctest */,
			);
			name = Products;
			sourceTree = "<group>";
		};
		6856906FFFE24366ABAD53B7 /* $local */ = {
			isa = PBXGroup;
			children = (
			);
			name = $local;
			sourceTree = "<group>";
		};
		846848AF303FF13288CF97D9 /* Pods */ = {
			isa = PBXGroup;
			children = (
				343B09A0D2E9085C310918BD /* Pods-Fwk.debug.xcconfig */,
				B8563FF7D888D8C7E2835F20 /* Pods-Fwk.release.xcconfig */,
				D4BD43E935968D65787899B1 /* Pods-Tests.debug.xcconfig */,
				FC2C9BD3784D57AE7D3BC032 /* Pods-Tests.release.xcconfig */,
			);
			name = Pods;
			sourceTree = "<group>";
		};
		86D4DBE0883B3B5DA2DF3E4B = {
			isa = PBXGroup;
			children = (
				C6EB552F60BAC5FE0819F30D /* Frameworks */,
				846848AF303FF13288CF97D9 /* Pods */,
				602094E624CC822B0063A5E0 /* Products */,
				FAB257BCC8202690FFDC8543 /* Sources */,
				2F204ED390FFBE1998B0E55D /* Tests */,
			);
			sourceTree = "<group>";
		};
		943D83B520E2D9A200479C33 /* _SharedTraits */ = {
			isa = PBXGroup;
			children = (
				9423BA4E20E2CE24001B8AB5 /* AutoDisplayNamed.swift */,
				9415FE371F4A27FC0077E798 /* AutoValidatable.swift */,
				94BAA99420E3FF6400BA6C6F /* AutoReporting.swift */,
			);
			path = _SharedTraits;
			sourceTree = "<group>";
		};
		94ABCC3320E132C1007187DC /* Spec */ = {
			isa = PBXGroup;
			children = (
				94EC8C4220D477A9005D9A98 /* Spec.swift */,
				94EB1E3920E27A90007369BA /* Spec_SkipBuiltInValidation.swift */,
				94ABCC3620E1330A007187DC /* Spec_NoConditions.swift */,
				9423BA5020E2CF6F001B8AB5 /* Spec+AutoDisplayNamed.swift */,
				94ABCC3420E132DE007187DC /* Spec+AutoReporting.swift */,
				94FE64D120E41F250097F80D /* Spec_BasicValue.swift */,
			);
			path = Spec;
			sourceTree = "<group>";
		};
		94ABCC3C20E1354E007187DC /* ValueWrapper */ = {
			isa = PBXGroup;
			children = (
				9459A04520CF006900D4F644 /* Wrapper.swift */,
				942AFDAE20E19EFC0028E84B /* Wrapper_WithSpecification.swift */,
				943D83B320E2D94800479C33 /* Wrapper+AutoDisplayNamed.swift */,
				942AFD9F20E17D720028E84B /* Wrapper_SingleValueCodable.swift */,
				942AFD9A20E17AF40028E84B /* Wrapper_Mandatory.swift */,
				94BAA99220E3DE9F00BA6C6F /* Wrapper+Validatable.swift */,
				94DFD07920E3A46B00DDFC1A /* Wrapper+Spec&AutoValidatable.swift */,
			);
			path = ValueWrapper;
			sourceTree = "<group>";
		};
		94ABCC4120E13785007187DC /* OptionalExtensions */ = {
			isa = PBXGroup;
			children = (
				9478827D20E42C970071D4CB /* Optional+DisplayNamed.swift */,
				94ABCC4620E13A7C007187DC /* Optional+ValueWrapper.swift */,
				94C712B720E1526900A737E3 /* Optional+Validatable.swift */,
				9444F44C20E4409E0024A443 /* Optional+Validatable&ValueWrapper.swift */,
				9467E9F920E43CB3008E30AE /* Optional+ValidatableValueWrapper.swift */,
			);
			path = OptionalExtensions;
			sourceTree = "<group>";
		};
		94BAA99620E40AA400BA6C6F /* ValidatableValueWrapper */ = {
			isa = PBXGroup;
			children = (
				94BAA99720E40AD700BA6C6F /* ValidatableWrapper.swift */,
				94BAA99920E40BEE00BA6C6F /* ValidatableWrapper_AutoValidValue.swift */,
			);
			path = ValidatableValueWrapper;
			sourceTree = "<group>";
		};
		94E83BDE20D7B155001D3512 /* Helpers */ = {
			isa = PBXGroup;
			children = (
				943EA2A120CF3CD0006CF016 /* Initializers.swift */,
				94E83BDC20D7B13F001D3512 /* BoolFlag.swift */,
			);
			path = Helpers;
			sourceTree = "<group>";
		};
		94FE242E20E2EA20000C46F9 /* ValidatableEntity */ = {
			isa = PBXGroup;
			children = (
				94E7EC1A20C09AE300132570 /* Entity.swift */,
				94FE64D320E4277F0097F80D /* Entity_BasicEntity.swift */,
				94FE242F20E2EA3A000C46F9 /* Entity+AutoDisplayNamed.swift */,
				94DFD06F20E2F35700DDFC1A /* Entity+AutoValidatable.swift */,
				941FD25620E2ECCE00F96493 /* Entity+AutoReporting.swift */,
			);
			path = ValidatableEntity;
			sourceTree = "<group>";
		};
		94FF817220C0111000E69904 /* Protocols */ = {
			isa = PBXGroup;
			children = (
				94DFD07520E3A1C300DDFC1A /* Validatable.swift */,
				94DFD07720E3A26200DDFC1A /* DisplayNamed.swift */,
				94DFD07320E3993B00DDFC1A /* Trait.swift */,
				943D83B520E2D9A200479C33 /* _SharedTraits */,
				94ABCC3320E132C1007187DC /* Spec */,
				94ABCC3C20E1354E007187DC /* ValueWrapper */,
				94BAA99620E40AA400BA6C6F /* ValidatableValueWrapper */,
				94FE242E20E2EA20000C46F9 /* ValidatableEntity */,
			);
			path = Protocols;
			sourceTree = "<group>";
		};
		C6EB552F60BAC5FE0819F30D /* Frameworks */ = {
			isa = PBXGroup;
			children = (
				6856906FFFE24366ABAD53B7 /* $local */,
				0B92EC00F03567B97E5DC38B /* iOS */,
				A2F72B8EB9CC422FFD841FD3 /* Pods_Fwk.framework */,
				EC1247A0B5D87FF7FF944B76 /* Pods_Tests.framework */,
			);
			name = Frameworks;
			sourceTree = "<group>";
		};
		FAB257BCC8202690FFDC8543 /* Sources */ = {
			isa = PBXGroup;
			children = (
				949B409E20D466D40043CAB3 /* Utils.swift */,
				62F791557D101E81B3C45CAD /* Errors.swift */,
				94E7EC1820C03A7A00132570 /* Condition.swift */,
				94E83BDA20D7B041001D3512 /* ReportReview.swift */,
				94FF817220C0111000E69904 /* Protocols */,
				94FF816E20C0079D00E69904 /* Operators.swift */,
				94FA37DB20E2389B00144EE6 /* BuiltInWrappers.swift */,
				94ABCC4120E13785007187DC /* OptionalExtensions */,
				94E83BDE20D7B155001D3512 /* Helpers */,
			);
			path = Sources;
			sourceTree = SOURCE_ROOT;
		};
		FC4EC50B733BBE8B1004027E /* OLD */ = {
			isa = PBXGroup;
			children = (
				C625FCC032665EB3551BBED9 /* Old.swift */,
				44E62350DBEA821F9F23C0BD /* User.swift */,
			);
			path = OLD;
			sourceTree = "<group>";
		};
/* End PBXGroup section */

/* Begin PBXNativeTarget section */
		96EB74C3D3EF6CD7D96422CB /* Fwk */ = {
			isa = PBXNativeTarget;
			buildConfigurationList = B5309502D1DD5B2701632F35 /* Build configuration list for PBXNativeTarget "Fwk" */;
			buildPhases = (
				A66D33BD0DAF2242B2B743DF /* [CP] Check Pods Manifest.lock */,
				A657A8082C1E3A4D76B4AA2D /* SwiftLint */,
				9ABC3255650E23E6A0DA131C /* Sources */,
				247C881A946FB5AB8DB0D05B /* Frameworks */,
				1ABD69FDE56A02FAFF2F28A3 /* Embed Frameworks */,
			);
			buildRules = (
			);
			dependencies = (
			);
			name = Fwk;
			productName = Fwk;
			productReference = DCD82093FB94C61BC5522514 /* XCEValidatableValue.framework */;
			productType = "com.apple.product-type.framework";
		};
		981DE569CFA1E438014626F9 /* Tests */ = {
			isa = PBXNativeTarget;
			buildConfigurationList = F141F1CDDC26E6B8972401B2 /* Build configuration list for PBXNativeTarget "Tests" */;
			buildPhases = (
				EDBBF579AF06B16A1F33DD03 /* [CP] Check Pods Manifest.lock */,
				406ADFB38F1F68E6572B6588 /* Sources */,
				BA0FF7E9FA302AEA3C4AB265 /* Frameworks */,
				4DF4C4544292BCB013F2529B /* Embed Frameworks */,
				B4D33423F787F02887A8A358 /* [CP] Embed Pods Frameworks */,
			);
			buildRules = (
			);
			dependencies = (
				4C9B900F54AF959FCA565156 /* PBXTargetDependency */,
			);
			name = Tests;
			productName = Tests;
			productReference = F1F68A8A5AA5C9053CA1C3C4 /* Tests.xctest */;
			productType = "com.apple.product-type.bundle.unit-test";
		};
/* End PBXNativeTarget section */

/* Begin PBXProject section */
		6936A00AAE224C35D55ED993 /* Project object */ = {
			isa = PBXProject;
			attributes = {
				LastSwiftUpdateCheck = 0830;
				LastUpgradeCheck = 0940;
				Struct.Version = 2.1.0;
			};
			buildConfigurationList = 860D0441FBF46630DF9E3F56 /* Build configuration list for PBXProject "Main" */;
			compatibilityVersion = "Xcode 3.2";
			developmentRegion = English;
			hasScannedForEncodings = 0;
			knownRegions = (
				en,
			);
			mainGroup = 86D4DBE0883B3B5DA2DF3E4B;
			productRefGroup = 602094E624CC822B0063A5E0 /* Products */;
			projectDirPath = "";
			projectRoot = "";
			targets = (
				96EB74C3D3EF6CD7D96422CB /* Fwk */,
				981DE569CFA1E438014626F9 /* Tests */,
			);
		};
/* End PBXProject section */

/* Begin PBXShellScriptBuildPhase section */
		A657A8082C1E3A4D76B4AA2D /* SwiftLint */ = {
			isa = PBXShellScriptBuildPhase;
			buildActionMask = 2147483647;
			files = (
			);
			inputPaths = (
			);
			name = SwiftLint;
			outputPaths = (
			);
			runOnlyForDeploymentPostprocessing = 0;
			shellPath = /bin/sh;
			shellScript = "if which swiftlint >/dev/null; then\n    swiftlint\nelse\n    echo \"warning: SwiftLint not installed, download from https://github.com/realm/SwiftLint\"\nfi";
		};
		A66D33BD0DAF2242B2B743DF /* [CP] Check Pods Manifest.lock */ = {
			isa = PBXShellScriptBuildPhase;
			buildActionMask = 2147483647;
			files = (
			);
			inputPaths = (
				"${PODS_PODFILE_DIR_PATH}/Podfile.lock",
				"${PODS_ROOT}/Manifest.lock",
			);
			name = "[CP] Check Pods Manifest.lock";
			outputPaths = (
				"$(DERIVED_FILE_DIR)/Pods-Fwk-checkManifestLockResult.txt",
			);
			runOnlyForDeploymentPostprocessing = 0;
			shellPath = /bin/sh;
			shellScript = "diff \"${PODS_PODFILE_DIR_PATH}/Podfile.lock\" \"${PODS_ROOT}/Manifest.lock\" > /dev/null\nif [ $? != 0 ] ; then\n    # print error to STDERR\n    echo \"error: The sandbox is not in sync with the Podfile.lock. Run 'pod install' or update your CocoaPods installation.\" >&2\n    exit 1\nfi\n# This output is used by Xcode 'outputs' to avoid re-running this script phase.\necho \"SUCCESS\" > \"${SCRIPT_OUTPUT_FILE_0}\"\n";
			showEnvVarsInLog = 0;
		};
		B4D33423F787F02887A8A358 /* [CP] Embed Pods Frameworks */ = {
			isa = PBXShellScriptBuildPhase;
			buildActionMask = 2147483647;
			files = (
			);
			inputPaths = (
				"${SRCROOT}/Pods/Target Support Files/Pods-Tests/Pods-Tests-frameworks.sh",
				"${BUILT_PRODUCTS_DIR}/XCERequirement/XCERequirement.framework",
				"${BUILT_PRODUCTS_DIR}/XCETesting/XCETesting.framework",
			);
			name = "[CP] Embed Pods Frameworks";
			outputPaths = (
				"${TARGET_BUILD_DIR}/${FRAMEWORKS_FOLDER_PATH}/XCERequirement.framework",
				"${TARGET_BUILD_DIR}/${FRAMEWORKS_FOLDER_PATH}/XCETesting.framework",
			);
			runOnlyForDeploymentPostprocessing = 0;
			shellPath = /bin/sh;
			shellScript = "\"${SRCROOT}/Pods/Target Support Files/Pods-Tests/Pods-Tests-frameworks.sh\"\n";
			showEnvVarsInLog = 0;
		};
		EDBBF579AF06B16A1F33DD03 /* [CP] Check Pods Manifest.lock */ = {
			isa = PBXShellScriptBuildPhase;
			buildActionMask = 2147483647;
			files = (
			);
			inputPaths = (
				"${PODS_PODFILE_DIR_PATH}/Podfile.lock",
				"${PODS_ROOT}/Manifest.lock",
			);
			name = "[CP] Check Pods Manifest.lock";
			outputPaths = (
				"$(DERIVED_FILE_DIR)/Pods-Tests-checkManifestLockResult.txt",
			);
			runOnlyForDeploymentPostprocessing = 0;
			shellPath = /bin/sh;
			shellScript = "diff \"${PODS_PODFILE_DIR_PATH}/Podfile.lock\" \"${PODS_ROOT}/Manifest.lock\" > /dev/null\nif [ $? != 0 ] ; then\n    # print error to STDERR\n    echo \"error: The sandbox is not in sync with the Podfile.lock. Run 'pod install' or update your CocoaPods installation.\" >&2\n    exit 1\nfi\n# This output is used by Xcode 'outputs' to avoid re-running this script phase.\necho \"SUCCESS\" > \"${SCRIPT_OUTPUT_FILE_0}\"\n";
			showEnvVarsInLog = 0;
		};
/* End PBXShellScriptBuildPhase section */

/* Begin PBXSourcesBuildPhase section */
		406ADFB38F1F68E6572B6588 /* Sources */ = {
			isa = PBXSourcesBuildPhase;
			buildActionMask = 2147483647;
			files = (
				941FD25D20E2F22C00F96493 /* SpecTests.swift in Sources */,
				D7DF6AFF94EE3A04EC1C53BE /* Old.swift in Sources */,
				941FD25B20E2F1D600F96493 /* WrapperTests.swift in Sources */,
				941FD25920E2F14400F96493 /* EntityTests.swift in Sources */,
				E4A9D7B238786669E01E3312 /* User.swift in Sources */,
				9478828220E42EAE0071D4CB /* SupportForOptionalTests.swift in Sources */,
			);
			runOnlyForDeploymentPostprocessing = 0;
		};
		9ABC3255650E23E6A0DA131C /* Sources */ = {
			isa = PBXSourcesBuildPhase;
			buildActionMask = 2147483647;
			files = (
				94E7EC1B20C09AE300132570 /* Entity.swift in Sources */,
				94DFD07620E3A1C300DDFC1A /* Validatable.swift in Sources */,
				942AFDAF20E19EFC0028E84B /* Wrapper_WithSpecification.swift in Sources */,
				94DFD07A20E3A46B00DDFC1A /* Wrapper+Spec&AutoValidatable.swift in Sources */,
				94ABCC3720E1330A007187DC /* Spec_NoConditions.swift in Sources */,
				94DFD07420E3993B00DDFC1A /* Trait.swift in Sources */,
				94BAA99320E3DE9F00BA6C6F /* Wrapper+Validatable.swift in Sources */,
				9459A04620CF006900D4F644 /* Wrapper.swift in Sources */,
				94E7EC1920C03A7A00132570 /* Condition.swift in Sources */,
				9423BA5120E2CF6F001B8AB5 /* Spec+AutoDisplayNamed.swift in Sources */,
				94EC8C4320D477A9005D9A98 /* Spec.swift in Sources */,
				9467E9FA20E43CB3008E30AE /* Optional+ValidatableValueWrapper.swift in Sources */,
				94FA37DC20E2389B00144EE6 /* BuiltInWrappers.swift in Sources */,
				94FF816F20C0079D00E69904 /* Operators.swift in Sources */,
				943EA2A220CF3CD0006CF016 /* Initializers.swift in Sources */,
				94FE64D220E41F250097F80D /* Spec_BasicValue.swift in Sources */,
				94EB1E3A20E27A90007369BA /* Spec_SkipBuiltInValidation.swift in Sources */,
				94E83BDD20D7B13F001D3512 /* BoolFlag.swift in Sources */,
				9478827E20E42C970071D4CB /* Optional+DisplayNamed.swift in Sources */,
				949B409F20D466D40043CAB3 /* Utils.swift in Sources */,
				94FE243020E2EA3A000C46F9 /* Entity+AutoDisplayNamed.swift in Sources */,
				9444F44D20E4409E0024A443 /* Optional+Validatable&ValueWrapper.swift in Sources */,
				9423BA4F20E2CE24001B8AB5 /* AutoDisplayNamed.swift in Sources */,
				94E83BDB20D7B041001D3512 /* ReportReview.swift in Sources */,
				9415FE381F4A27FC0077E798 /* AutoValidatable.swift in Sources */,
				941FD25720E2ECCE00F96493 /* Entity+AutoReporting.swift in Sources */,
				927C14C6143FA2B19E366D09 /* Errors.swift in Sources */,
				94ABCC4720E13A7C007187DC /* Optional+ValueWrapper.swift in Sources */,
				94BAA99820E40AD700BA6C6F /* ValidatableWrapper.swift in Sources */,
				94ABCC3520E132DE007187DC /* Spec+AutoReporting.swift in Sources */,
				94FE64D420E4277F0097F80D /* Entity_BasicEntity.swift in Sources */,
				94DFD07020E2F35700DDFC1A /* Entity+AutoValidatable.swift in Sources */,
				943D83B420E2D94800479C33 /* Wrapper+AutoDisplayNamed.swift in Sources */,
				942AFD9B20E17AF40028E84B /* Wrapper_Mandatory.swift in Sources */,
				94C712B820E1526900A737E3 /* Optional+Validatable.swift in Sources */,
				94DFD07820E3A26200DDFC1A /* DisplayNamed.swift in Sources */,
				94BAA99520E3FF6400BA6C6F /* AutoReporting.swift in Sources */,
				94BAA99A20E40BEE00BA6C6F /* ValidatableWrapper_AutoValidValue.swift in Sources */,
				942AFDA020E17D720028E84B /* Wrapper_SingleValueCodable.swift in Sources */,
			);
			runOnlyForDeploymentPostprocessing = 0;
		};
/* End PBXSourcesBuildPhase section */

/* Begin PBXTargetDependency section */
		4C9B900F54AF959FCA565156 /* PBXTargetDependency */ = {
			isa = PBXTargetDependency;
			name = Fwk;
			target = 96EB74C3D3EF6CD7D96422CB /* Fwk */;
			targetProxy = 443EACB9629C4381172476E5 /* PBXContainerItemProxy */;
		};
/* End PBXTargetDependency section */

/* Begin XCBuildConfiguration section */
		495B5981498F8F27C270B89D /* Release */ = {
			isa = XCBuildConfiguration;
			buildSettings = {
				ALWAYS_SEARCH_USER_PATHS = NO;
				CLANG_ANALYZER_NONNULL = YES;
				CLANG_CXX_LANGUAGE_STANDARD = "gnu++0x";
				CLANG_CXX_LIBRARY = "libc++";
				CLANG_ENABLE_MODULES = YES;
				CLANG_ENABLE_OBJC_ARC = YES;
				CLANG_WARN_BLOCK_CAPTURE_AUTORELEASING = YES;
				CLANG_WARN_BOOL_CONVERSION = YES;
				CLANG_WARN_COMMA = YES;
				CLANG_WARN_CONSTANT_CONVERSION = YES;
				CLANG_WARN_DEPRECATED_OBJC_IMPLEMENTATIONS = YES;
				CLANG_WARN_DIRECT_OBJC_ISA_USAGE = YES_ERROR;
				CLANG_WARN_DOCUMENTATION_COMMENTS = YES;
				CLANG_WARN_EMPTY_BODY = YES;
				CLANG_WARN_ENUM_CONVERSION = YES;
				CLANG_WARN_INFINITE_RECURSION = YES;
				CLANG_WARN_INT_CONVERSION = YES;
				CLANG_WARN_NON_LITERAL_NULL_CONVERSION = YES;
				CLANG_WARN_OBJC_IMPLICIT_RETAIN_SELF = YES;
				CLANG_WARN_OBJC_LITERAL_CONVERSION = YES;
				CLANG_WARN_OBJC_ROOT_CLASS = YES_ERROR;
				CLANG_WARN_RANGE_LOOP_ANALYSIS = YES;
				CLANG_WARN_STRICT_PROTOTYPES = YES;
				CLANG_WARN_SUSPICIOUS_MOVE = YES;
				CLANG_WARN_SUSPICIOUS_MOVES = YES;
				CLANG_WARN_UNREACHABLE_CODE = YES;
				CLANG_WARN__DUPLICATE_METHOD_MATCH = YES;
				CODE_SIGN_IDENTITY = "-";
				"CODE_SIGN_IDENTITY[sdk=iphoneos*]" = "iPhone Developer";
				COPY_PHASE_STRIP = NO;
				CURRENT_PROJECT_VERSION = 25;
				DEBUG_INFORMATION_FORMAT = "dwarf-with-dsym";
				ENABLE_NS_ASSERTIONS = NO;
				ENABLE_STRICT_OBJC_MSGSEND = YES;
				GCC_C_LANGUAGE_STANDARD = gnu99;
				GCC_NO_COMMON_BLOCKS = YES;
				GCC_WARN_64_TO_32_BIT_CONVERSION = YES;
				GCC_WARN_ABOUT_RETURN_TYPE = YES_ERROR;
				GCC_WARN_UNDECLARED_SELECTOR = YES;
				GCC_WARN_UNINITIALIZED_AUTOS = YES_AGGRESSIVE;
				GCC_WARN_UNUSED_FUNCTION = YES;
				GCC_WARN_UNUSED_VARIABLE = YES;
				IPHONEOS_DEPLOYMENT_TARGET = 8.0;
				MTL_ENABLE_DEBUG_INFO = NO;
				SWIFT_OPTIMIZATION_LEVEL = "-Owholemodule";
				SWIFT_VERSION = 4.0;
				VALIDATE_PRODUCT = YES;
				VERSIONING_SYSTEM = "apple-generic";
			};
			name = Release;
		};
		6D786314EAF5BF8066606618 /* Debug */ = {
			isa = XCBuildConfiguration;
			baseConfigurationReference = 343B09A0D2E9085C310918BD /* Pods-Fwk.debug.xcconfig */;
			buildSettings = {
				CODE_SIGN_IDENTITY = "";
				CURRENT_PROJECT_VERSION = 25;
				DEFINES_MODULE = NO;
				ENABLE_TESTABILITY = YES;
				INFOPLIST_FILE = Info/Fwk.plist;
				INSTALL_PATH = "$(LOCAL_LIBRARY_DIR)/Frameworks";
				IPHONEOS_DEPLOYMENT_TARGET = 8.0;
				LD_RUNPATH_SEARCH_PATHS = "$(inherited) @executable_path/Frameworks";
				MTL_ENABLE_DEBUG_INFO = true;
				PRODUCT_BUNDLE_IDENTIFIER = io.XCEssentials.ValidatableValue;
				PRODUCT_NAME = XCEValidatableValue;
				SDKROOT = iphoneos;
				SKIP_INSTALL = YES;
				TARGETED_DEVICE_FAMILY = "1,2";
				VERSIONING_SYSTEM = "apple-generic";
				VERSION_INFO_PREFIX = "";
			};
			name = Debug;
		};
		B85A53D32E7571C4A0F58677 /* Debug */ = {
			isa = XCBuildConfiguration;
			buildSettings = {
				ALWAYS_SEARCH_USER_PATHS = NO;
				CLANG_ANALYZER_NONNULL = YES;
				CLANG_CXX_LANGUAGE_STANDARD = "gnu++0x";
				CLANG_CXX_LIBRARY = "libc++";
				CLANG_ENABLE_MODULES = YES;
				CLANG_ENABLE_OBJC_ARC = YES;
				CLANG_WARN_BLOCK_CAPTURE_AUTORELEASING = YES;
				CLANG_WARN_BOOL_CONVERSION = YES;
				CLANG_WARN_COMMA = YES;
				CLANG_WARN_CONSTANT_CONVERSION = YES;
				CLANG_WARN_DEPRECATED_OBJC_IMPLEMENTATIONS = YES;
				CLANG_WARN_DIRECT_OBJC_ISA_USAGE = YES_ERROR;
				CLANG_WARN_DOCUMENTATION_COMMENTS = YES;
				CLANG_WARN_EMPTY_BODY = YES;
				CLANG_WARN_ENUM_CONVERSION = YES;
				CLANG_WARN_INFINITE_RECURSION = YES;
				CLANG_WARN_INT_CONVERSION = YES;
				CLANG_WARN_NON_LITERAL_NULL_CONVERSION = YES;
				CLANG_WARN_OBJC_IMPLICIT_RETAIN_SELF = YES;
				CLANG_WARN_OBJC_LITERAL_CONVERSION = YES;
				CLANG_WARN_OBJC_ROOT_CLASS = YES_ERROR;
				CLANG_WARN_RANGE_LOOP_ANALYSIS = YES;
				CLANG_WARN_STRICT_PROTOTYPES = YES;
				CLANG_WARN_SUSPICIOUS_MOVE = YES;
				CLANG_WARN_SUSPICIOUS_MOVES = YES;
				CLANG_WARN_UNREACHABLE_CODE = YES;
				CLANG_WARN__DUPLICATE_METHOD_MATCH = YES;
				CODE_SIGN_IDENTITY = "-";
				"CODE_SIGN_IDENTITY[sdk=iphoneos*]" = "iPhone Developer";
				COPY_PHASE_STRIP = NO;
				CURRENT_PROJECT_VERSION = 25;
				DEBUG_INFORMATION_FORMAT = dwarf;
				ENABLE_STRICT_OBJC_MSGSEND = YES;
				ENABLE_TESTABILITY = YES;
				GCC_C_LANGUAGE_STANDARD = gnu99;
				GCC_DYNAMIC_NO_PIC = NO;
				GCC_NO_COMMON_BLOCKS = YES;
				GCC_OPTIMIZATION_LEVEL = 0;
				GCC_PREPROCESSOR_DEFINITIONS = (
					"DEBUG=1",
					"$(inherited)",
				);
				GCC_WARN_64_TO_32_BIT_CONVERSION = YES;
				GCC_WARN_ABOUT_RETURN_TYPE = YES_ERROR;
				GCC_WARN_UNDECLARED_SELECTOR = YES;
				GCC_WARN_UNINITIALIZED_AUTOS = YES_AGGRESSIVE;
				GCC_WARN_UNUSED_FUNCTION = YES;
				GCC_WARN_UNUSED_VARIABLE = YES;
				IPHONEOS_DEPLOYMENT_TARGET = 8.0;
				MTL_ENABLE_DEBUG_INFO = YES;
				ONLY_ACTIVE_ARCH = YES;
				SWIFT_ACTIVE_COMPILATION_CONDITIONS = DEBUG;
				SWIFT_OPTIMIZATION_LEVEL = "-Onone";
				SWIFT_VERSION = 4.0;
				VERSIONING_SYSTEM = "apple-generic";
			};
			name = Debug;
		};
		BCF0FBDA4E1216A7929A4B77 /* Release */ = {
			isa = XCBuildConfiguration;
			baseConfigurationReference = B8563FF7D888D8C7E2835F20 /* Pods-Fwk.release.xcconfig */;
			buildSettings = {
				CODE_SIGN_IDENTITY = "";
				CURRENT_PROJECT_VERSION = 25;
				DEFINES_MODULE = NO;
				ENABLE_TESTABILITY = YES;
				INFOPLIST_FILE = Info/Fwk.plist;
				INSTALL_PATH = "$(LOCAL_LIBRARY_DIR)/Frameworks";
				IPHONEOS_DEPLOYMENT_TARGET = 8.0;
				LD_RUNPATH_SEARCH_PATHS = "$(inherited) @executable_path/Frameworks";
				PRODUCT_BUNDLE_IDENTIFIER = io.XCEssentials.ValidatableValue;
				PRODUCT_NAME = XCEValidatableValue;
				SDKROOT = iphoneos;
				SKIP_INSTALL = YES;
				TARGETED_DEVICE_FAMILY = "1,2";
				VERSIONING_SYSTEM = "apple-generic";
				VERSION_INFO_PREFIX = "";
			};
			name = Release;
		};
		C1A1BF0B588053EDFED94188 /* Debug */ = {
			isa = XCBuildConfiguration;
			baseConfigurationReference = D4BD43E935968D65787899B1 /* Pods-Tests.debug.xcconfig */;
			buildSettings = {
				BUNDLE_LOADER = "$(TEST_HOST)";
				FRAMEWORK_SEARCH_PATHS = (
					"$(inherited)",
					"$(BUILT_PRODUCTS_DIR)",
				);
				INFOPLIST_FILE = Info/Tst.plist;
				IPHONEOS_DEPLOYMENT_TARGET = 8.0;
				LD_RUNPATH_SEARCH_PATHS = "$(inherited) @executable_path/Frameworks @loader_path/Frameworks";
				MTL_ENABLE_DEBUG_INFO = true;
				PRODUCT_BUNDLE_IDENTIFIER = io.XCEssentials.ValidatableValue.Tst;
				PRODUCT_NAME = "$(TARGET_NAME)";
				SDKROOT = iphoneos;
			};
			name = Debug;
		};
		C545DBF3AB73487E9B203FE0 /* Release */ = {
			isa = XCBuildConfiguration;
			baseConfigurationReference = FC2C9BD3784D57AE7D3BC032 /* Pods-Tests.release.xcconfig */;
			buildSettings = {
				BUNDLE_LOADER = "$(TEST_HOST)";
				FRAMEWORK_SEARCH_PATHS = (
					"$(inherited)",
					"$(BUILT_PRODUCTS_DIR)",
				);
				INFOPLIST_FILE = Info/Tst.plist;
				IPHONEOS_DEPLOYMENT_TARGET = 8.0;
				LD_RUNPATH_SEARCH_PATHS = "$(inherited) @executable_path/Frameworks @loader_path/Frameworks";
				PRODUCT_BUNDLE_IDENTIFIER = io.XCEssentials.ValidatableValue.Tst;
				PRODUCT_NAME = "$(TARGET_NAME)";
				SDKROOT = iphoneos;
			};
			name = Release;
		};
/* End XCBuildConfiguration section */

/* Begin XCConfigurationList section */
		860D0441FBF46630DF9E3F56 /* Build configuration list for PBXProject "Main" */ = {
			isa = XCConfigurationList;
			buildConfigurations = (
				B85A53D32E7571C4A0F58677 /* Debug */,
				495B5981498F8F27C270B89D /* Release */,
			);
			defaultConfigurationIsVisible = 0;
			defaultConfigurationName = Debug;
		};
		B5309502D1DD5B2701632F35 /* Build configuration list for PBXNativeTarget "Fwk" */ = {
			isa = XCConfigurationList;
			buildConfigurations = (
				6D786314EAF5BF8066606618 /* Debug */,
				BCF0FBDA4E1216A7929A4B77 /* Release */,
			);
			defaultConfigurationIsVisible = 0;
			defaultConfigurationName = Release;
		};
		F141F1CDDC26E6B8972401B2 /* Build configuration list for PBXNativeTarget "Tests" */ = {
			isa = XCConfigurationList;
			buildConfigurations = (
				C1A1BF0B588053EDFED94188 /* Debug */,
				C545DBF3AB73487E9B203FE0 /* Release */,
			);
			defaultConfigurationIsVisible = 0;
			defaultConfigurationName = Release;
		};
/* End XCConfigurationList section */
	};
	rootObject = 6936A00AAE224C35D55ED993 /* Project object */;
}
